// !$*UTF8*$!
{
	archiveVersion = 1;
	classes = {
	};
	objectVersion = 56;
	objects = {

/* Begin PBXBuildFile section */
		351EEE032B03886000439D66 /* FeedImagePresenterTests.swift in Sources */ = {isa = PBXBuildFile; fileRef = 351EEE022B03886000439D66 /* FeedImagePresenterTests.swift */; };
		351EEE042B038A2200439D66 /* FeedImagePresenter.swift in Sources */ = {isa = PBXBuildFile; fileRef = 35B62C1D2B0198D7003F7A36 /* FeedImagePresenter.swift */; };
		351EEE052B038A2200439D66 /* FeedViewModel.swift in Sources */ = {isa = PBXBuildFile; fileRef = 35B62C2F2B01FDF3003F7A36 /* FeedViewModel.swift */; };
		351EEE072B038A2200439D66 /* FeedImageViewModel.swift in Sources */ = {isa = PBXBuildFile; fileRef = 352C73E82AFF3131002F526C /* FeedImageViewModel.swift */; };
		351EEE082B038A2200439D66 /* ResourceLoadingViewModel.swift in Sources */ = {isa = PBXBuildFile; fileRef = 35B62C2D2B01FDBD003F7A36 /* ResourceLoadingViewModel.swift */; };
		351EEE0B2B04579100439D66 /* FeedLocalizationTests.swift in Sources */ = {isa = PBXBuildFile; fileRef = 35B62C2B2B01DE95003F7A36 /* FeedLocalizationTests.swift */; };
		351EEE0F2B045A1300439D66 /* ErrorView.swift in Sources */ = {isa = PBXBuildFile; fileRef = 351EEE0E2B045A1300439D66 /* ErrorView.swift */; };
		351EEE112B045AC900439D66 /* UIRefreshControler+Helpers.swift in Sources */ = {isa = PBXBuildFile; fileRef = 351EEE102B045AC900439D66 /* UIRefreshControler+Helpers.swift */; };
		351EEE122B045B1D00439D66 /* ResourceErrorViewModel.swift in Sources */ = {isa = PBXBuildFile; fileRef = 351EEE0C2B0457F300439D66 /* ResourceErrorViewModel.swift */; };
		352C73CF2AFCEFAD002F526C /* UIView+Shimmering.swift in Sources */ = {isa = PBXBuildFile; fileRef = 352C73CC2AFCEFAD002F526C /* UIView+Shimmering.swift */; };
		352C73D02AFCEFAD002F526C /* FeedImageCell.swift in Sources */ = {isa = PBXBuildFile; fileRef = 352C73CD2AFCEFAD002F526C /* FeedImageCell.swift */; };
		352C73D12AFCEFAD002F526C /* ListViewController.swift in Sources */ = {isa = PBXBuildFile; fileRef = 352C73CE2AFCEFAD002F526C /* ListViewController.swift */; };
		352C73D42AFCEFE4002F526C /* XCTestCase+MemoryLeakTracking.swift in Sources */ = {isa = PBXBuildFile; fileRef = 3584C0E62AF77B5E000F4A4E /* XCTestCase+MemoryLeakTracking.swift */; };
		352C73DC2AFDD538002F526C /* FeedImageCellController.swift in Sources */ = {isa = PBXBuildFile; fileRef = 352C73DB2AFDD538002F526C /* FeedImageCellController.swift */; };
		352C73E32AFF2FB0002F526C /* EssentialFeed.framework in Frameworks */ = {isa = PBXBuildFile; fileRef = 35A182DF2AF626A8007073A1 /* EssentialFeed.framework */; };
		353039562B0D78F900DBC107 /* SharedLocalizationTests.swift in Sources */ = {isa = PBXBuildFile; fileRef = 353039552B0D78F900DBC107 /* SharedLocalizationTests.swift */; };
		353039582B0D790F00DBC107 /* SharedLocalizationTestHelpers.swift in Sources */ = {isa = PBXBuildFile; fileRef = 353039572B0D790F00DBC107 /* SharedLocalizationTestHelpers.swift */; };
		3530395A2B0D7E2500DBC107 /* ResourceLoadingView.swift in Sources */ = {isa = PBXBuildFile; fileRef = 353039592B0D7E2500DBC107 /* ResourceLoadingView.swift */; };
		3530395C2B0D7EC900DBC107 /* ResourceErrorView.swift in Sources */ = {isa = PBXBuildFile; fileRef = 3530395B2B0D7EC900DBC107 /* ResourceErrorView.swift */; };
		3530395F2B0DDE9300DBC107 /* ImageCommentsPresenterTests.swift in Sources */ = {isa = PBXBuildFile; fileRef = 3530395E2B0DDE9300DBC107 /* ImageCommentsPresenterTests.swift */; };
		353039622B0DDEFC00DBC107 /* ImageCommentsPresenter.swift in Sources */ = {isa = PBXBuildFile; fileRef = 353039612B0DDEFC00DBC107 /* ImageCommentsPresenter.swift */; };
		353039642B0DDF9F00DBC107 /* ImageComments.xcstrings in Resources */ = {isa = PBXBuildFile; fileRef = 353039632B0DDF9F00DBC107 /* ImageComments.xcstrings */; };
		353097822B06E61E001382FD /* FeedCache.swift in Sources */ = {isa = PBXBuildFile; fileRef = 353097812B06E61E001382FD /* FeedCache.swift */; };
		3530D3F52B0CB8E50075C716 /* LoadResourcePresenterTests.swift in Sources */ = {isa = PBXBuildFile; fileRef = 3530D3F42B0CB8E50075C716 /* LoadResourcePresenterTests.swift */; };
		3530D3F82B0CB9BD0075C716 /* LoadResourcePresenter.swift in Sources */ = {isa = PBXBuildFile; fileRef = 3530D3F72B0CB9BD0075C716 /* LoadResourcePresenter.swift */; };
		3530D3FA2B0CD5F50075C716 /* Shared.xcstrings in Resources */ = {isa = PBXBuildFile; fileRef = 3530D3F92B0CD5F50075C716 /* Shared.xcstrings */; };
		3542624A2AF9B8FA00CBF133 /* ValidateFeedCacheUseCaseTests.swift in Sources */ = {isa = PBXBuildFile; fileRef = 354262492AF9B8FA00CBF133 /* ValidateFeedCacheUseCaseTests.swift */; };
		3542624C2AF9BA6F00CBF133 /* SharedTestHelpers.swift in Sources */ = {isa = PBXBuildFile; fileRef = 3542624B2AF9BA6F00CBF133 /* SharedTestHelpers.swift */; };
		3542624E2AF9BA9300CBF133 /* FeedCacheTestHelpers.swift in Sources */ = {isa = PBXBuildFile; fileRef = 3542624D2AF9BA9300CBF133 /* FeedCacheTestHelpers.swift */; };
		354262502AF9CA4600CBF133 /* FeedCachePolicy.swift in Sources */ = {isa = PBXBuildFile; fileRef = 3542624F2AF9CA4600CBF133 /* FeedCachePolicy.swift */; };
		3542625A2AFA54EC00CBF133 /* FeedStoreSpecs.swift in Sources */ = {isa = PBXBuildFile; fileRef = 354262592AFA54EC00CBF133 /* FeedStoreSpecs.swift */; };
		3542625C2AFA554400CBF133 /* XCTestCase+FeedStoreSpecs.swift in Sources */ = {isa = PBXBuildFile; fileRef = 3542625B2AFA554400CBF133 /* XCTestCase+FeedStoreSpecs.swift */; };
		3542625E2AFA57D200CBF133 /* XCTestCase+FailableRetrieveFeedStoreSpecs.swift in Sources */ = {isa = PBXBuildFile; fileRef = 3542625D2AFA57D200CBF133 /* XCTestCase+FailableRetrieveFeedStoreSpecs.swift */; };
		354262602AFA593500CBF133 /* XCTestCase+FailableInsertFeedStoreSpecs.swift in Sources */ = {isa = PBXBuildFile; fileRef = 3542625F2AFA593500CBF133 /* XCTestCase+FailableInsertFeedStoreSpecs.swift */; };
		354262622AFA59AE00CBF133 /* XCTestCase+FailableDeleteFeedStoreSpecs.swift in Sources */ = {isa = PBXBuildFile; fileRef = 354262612AFA59AE00CBF133 /* XCTestCase+FailableDeleteFeedStoreSpecs.swift */; };
		354262652AFB123500CBF133 /* CoreDataFeedStoreTests.swift in Sources */ = {isa = PBXBuildFile; fileRef = 354262642AFB123500CBF133 /* CoreDataFeedStoreTests.swift */; };
		354262672AFB126500CBF133 /* CoreDataFeedStore.swift in Sources */ = {isa = PBXBuildFile; fileRef = 354262662AFB126500CBF133 /* CoreDataFeedStore.swift */; };
		3542626A2AFB131400CBF133 /* FeedStore.xcdatamodeld in Sources */ = {isa = PBXBuildFile; fileRef = 354262682AFB131400CBF133 /* FeedStore.xcdatamodeld */; };
		3542626E2AFB8EE700CBF133 /* ManagedCache.swift in Sources */ = {isa = PBXBuildFile; fileRef = 3542626D2AFB8EE700CBF133 /* ManagedCache.swift */; };
		354262702AFB8EFA00CBF133 /* ManagedFeedImage.swift in Sources */ = {isa = PBXBuildFile; fileRef = 3542626F2AFB8EFA00CBF133 /* ManagedFeedImage.swift */; };
		354262782AFB915D00CBF133 /* EssentialFeedCacheIntegrationTests.swift in Sources */ = {isa = PBXBuildFile; fileRef = 354262772AFB915D00CBF133 /* EssentialFeedCacheIntegrationTests.swift */; };
		354262792AFB915D00CBF133 /* EssentialFeed.framework in Frameworks */ = {isa = PBXBuildFile; fileRef = 35A182DF2AF626A8007073A1 /* EssentialFeed.framework */; };
		355BBB6F2B0F3B1400EE1737 /* ImageCommentViewModel.swift in Sources */ = {isa = PBXBuildFile; fileRef = 355BBB6E2B0F3B1400EE1737 /* ImageCommentViewModel.swift */; };
		356906BA2AFB95C500145049 /* XCTestCase+MemoryLeakTracking.swift in Sources */ = {isa = PBXBuildFile; fileRef = 3584C0E62AF77B5E000F4A4E /* XCTestCase+MemoryLeakTracking.swift */; };
		356906BB2AFB986F00145049 /* FeedCacheTestHelpers.swift in Sources */ = {isa = PBXBuildFile; fileRef = 3542624D2AF9BA9300CBF133 /* FeedCacheTestHelpers.swift */; };
		356906BC2AFB98BA00145049 /* SharedTestHelpers.swift in Sources */ = {isa = PBXBuildFile; fileRef = 3542624B2AF9BA6F00CBF133 /* SharedTestHelpers.swift */; };
		356906BD2AFBA03000145049 /* FeedCacheTestHelpers.swift in Sources */ = {isa = PBXBuildFile; fileRef = 3542624D2AF9BA9300CBF133 /* FeedCacheTestHelpers.swift */; };
		356906BE2AFBA08B00145049 /* SharedTestHelpers.swift in Sources */ = {isa = PBXBuildFile; fileRef = 3542624B2AF9BA6F00CBF133 /* SharedTestHelpers.swift */; };
		356906CD2AFC76C200145049 /* EssentialFeediOS.framework in Frameworks */ = {isa = PBXBuildFile; fileRef = 356906C52AFC76C200145049 /* EssentialFeediOS.framework */; };
		3584C0DF2AF70521000F4A4E /* HTTPClient.swift in Sources */ = {isa = PBXBuildFile; fileRef = 3584C0DE2AF70521000F4A4E /* HTTPClient.swift */; };
		3584C0E12AF70581000F4A4E /* FeedItemsMapper.swift in Sources */ = {isa = PBXBuildFile; fileRef = 3584C0E02AF70581000F4A4E /* FeedItemsMapper.swift */; };
		3584C0E42AF74655000F4A4E /* URLSessionHTTPClientTests.swift in Sources */ = {isa = PBXBuildFile; fileRef = 3584C0E32AF74655000F4A4E /* URLSessionHTTPClientTests.swift */; };
		3584C0E72AF77B5E000F4A4E /* XCTestCase+MemoryLeakTracking.swift in Sources */ = {isa = PBXBuildFile; fileRef = 3584C0E62AF77B5E000F4A4E /* XCTestCase+MemoryLeakTracking.swift */; };
		3584C0F22AF77EE9000F4A4E /* EssentialFeedAPIEndToEndTests.swift in Sources */ = {isa = PBXBuildFile; fileRef = 3584C0F12AF77EE9000F4A4E /* EssentialFeedAPIEndToEndTests.swift */; };
		3584C0F32AF77EE9000F4A4E /* EssentialFeed.framework in Frameworks */ = {isa = PBXBuildFile; fileRef = 35A182DF2AF626A8007073A1 /* EssentialFeed.framework */; };
		3584C0F92AF7808E000F4A4E /* XCTestCase+MemoryLeakTracking.swift in Sources */ = {isa = PBXBuildFile; fileRef = 3584C0E62AF77B5E000F4A4E /* XCTestCase+MemoryLeakTracking.swift */; };
		3584C0FF2AF781CB000F4A4E /* URLSessionHTTPClient.swift in Sources */ = {isa = PBXBuildFile; fileRef = 3584C0FE2AF781CB000F4A4E /* URLSessionHTTPClient.swift */; };
		3584C11C2AF8B0EC000F4A4E /* CacheFeedUseCaseTests.swift in Sources */ = {isa = PBXBuildFile; fileRef = 3584C11B2AF8B0EC000F4A4E /* CacheFeedUseCaseTests.swift */; };
		3584C11F2AF8DAE9000F4A4E /* LocalFeedLoader.swift in Sources */ = {isa = PBXBuildFile; fileRef = 3584C11E2AF8DAE9000F4A4E /* LocalFeedLoader.swift */; };
		3584C1212AF8E96D000F4A4E /* LocalFeedImage.swift in Sources */ = {isa = PBXBuildFile; fileRef = 3584C1202AF8E96D000F4A4E /* LocalFeedImage.swift */; };
		3584C1232AF8E9A4000F4A4E /* FeedStore.swift in Sources */ = {isa = PBXBuildFile; fileRef = 3584C1222AF8E9A4000F4A4E /* FeedStore.swift */; };
		3584C1252AF907DD000F4A4E /* LoadFeedFromCacheUseCaseTests.swift in Sources */ = {isa = PBXBuildFile; fileRef = 3584C1242AF907DD000F4A4E /* LoadFeedFromCacheUseCaseTests.swift */; };
		3584C1282AF9087B000F4A4E /* FeedStoreSpy.swift in Sources */ = {isa = PBXBuildFile; fileRef = 3584C1272AF9087B000F4A4E /* FeedStoreSpy.swift */; };
		358DF7302B05D8B400E7ECA8 /* LoadFeedImageDataFromCacheUseCaseTests.swift in Sources */ = {isa = PBXBuildFile; fileRef = 358DF72F2B05D8B400E7ECA8 /* LoadFeedImageDataFromCacheUseCaseTests.swift */; };
		358DF7322B05DB8800E7ECA8 /* FeedImageDataLoader.swift in Sources */ = {isa = PBXBuildFile; fileRef = 358DF7312B05DB8800E7ECA8 /* FeedImageDataLoader.swift */; };
		358DF7342B05E63800E7ECA8 /* LocalFeedImageDataLoader.swift in Sources */ = {isa = PBXBuildFile; fileRef = 358DF7332B05E63800E7ECA8 /* LocalFeedImageDataLoader.swift */; };
		358DF7362B05E65700E7ECA8 /* FeedImageDataStore.swift in Sources */ = {isa = PBXBuildFile; fileRef = 358DF7352B05E65700E7ECA8 /* FeedImageDataStore.swift */; };
		358DF7382B05E73500E7ECA8 /* FeedImageDataStoreSpy.swift in Sources */ = {isa = PBXBuildFile; fileRef = 358DF7372B05E73500E7ECA8 /* FeedImageDataStoreSpy.swift */; };
		358DF73A2B06153800E7ECA8 /* CoreDataHelpers.swift in Sources */ = {isa = PBXBuildFile; fileRef = 358DF7392B06153800E7ECA8 /* CoreDataHelpers.swift */; };
		358DF73D2B06159400E7ECA8 /* CoreDataFeedStore+FeedStore.swift in Sources */ = {isa = PBXBuildFile; fileRef = 358DF73B2B06159400E7ECA8 /* CoreDataFeedStore+FeedStore.swift */; };
		358DF7402B0615D000E7ECA8 /* CoreDataFeedStore+FeedImageDataLoader.swift in Sources */ = {isa = PBXBuildFile; fileRef = 358DF73F2B0615D000E7ECA8 /* CoreDataFeedStore+FeedImageDataLoader.swift */; };
		35A182E82AF626A8007073A1 /* EssentialFeed.framework in Frameworks */ = {isa = PBXBuildFile; fileRef = 35A182DF2AF626A8007073A1 /* EssentialFeed.framework */; };
		35A182EE2AF626A8007073A1 /* EssentialFeed.h in Headers */ = {isa = PBXBuildFile; fileRef = 35A182E22AF626A8007073A1 /* EssentialFeed.h */; settings = {ATTRIBUTES = (Public, ); }; };
		35A182F82AF6274F007073A1 /* FeedImage.swift in Sources */ = {isa = PBXBuildFile; fileRef = 35A182F72AF6274F007073A1 /* FeedImage.swift */; };
		35A182FA2AF62799007073A1 /* FeedLoader.swift in Sources */ = {isa = PBXBuildFile; fileRef = 35A182F92AF62799007073A1 /* FeedLoader.swift */; };
		35A182FD2AF62899007073A1 /* FeedItemsMapperTests.swift in Sources */ = {isa = PBXBuildFile; fileRef = 35A182FC2AF62899007073A1 /* FeedItemsMapperTests.swift */; };
		35B0D9E92B0B5FB4008B40D5 /* ImageCommentsMapperTests.swift in Sources */ = {isa = PBXBuildFile; fileRef = 35B0D9E82B0B5FB4008B40D5 /* ImageCommentsMapperTests.swift */; };
		35B0D9ED2B0B61B6008B40D5 /* ImageCommentsMapper.swift in Sources */ = {isa = PBXBuildFile; fileRef = 35B0D9EC2B0B61B6008B40D5 /* ImageCommentsMapper.swift */; };
		35B0D9EF2B0B6524008B40D5 /* ImageComment.swift in Sources */ = {isa = PBXBuildFile; fileRef = 35B0D9EE2B0B6524008B40D5 /* ImageComment.swift */; };
		35B3F1D32B048F6E00EE2BC0 /* LoadFeedImageDataFromRemoteUseCaseTests.swift in Sources */ = {isa = PBXBuildFile; fileRef = 35B3F1D22B048F6E00EE2BC0 /* LoadFeedImageDataFromRemoteUseCaseTests.swift */; };
		35B3F1D62B049E0F00EE2BC0 /* URLHTTPResponse+Helper.swift in Sources */ = {isa = PBXBuildFile; fileRef = 35B3F1D52B049E0F00EE2BC0 /* URLHTTPResponse+Helper.swift */; };
		35B3F1D82B049ED300EE2BC0 /* RemoteFeedImageDataLoader.swift in Sources */ = {isa = PBXBuildFile; fileRef = 35B3F1D72B049ED300EE2BC0 /* RemoteFeedImageDataLoader.swift */; };
		35B3F1DA2B04A18500EE2BC0 /* URLProtocolStub.swift in Sources */ = {isa = PBXBuildFile; fileRef = 35B3F1D92B04A18500EE2BC0 /* URLProtocolStub.swift */; };
		35B62C1A2B00C112003F7A36 /* Feed.storyboard in Resources */ = {isa = PBXBuildFile; fileRef = 35B62C192B00C112003F7A36 /* Feed.storyboard */; };
		35B62C1C2B00C1A2003F7A36 /* Feed.xcassets in Resources */ = {isa = PBXBuildFile; fileRef = 35B62C1B2B00C1A2003F7A36 /* Feed.xcassets */; };
		35B62C212B019D99003F7A36 /* UITableView+Dequeueing.swift in Sources */ = {isa = PBXBuildFile; fileRef = 35B62C202B019D99003F7A36 /* UITableView+Dequeueing.swift */; };
		35B62C232B01A01B003F7A36 /* UIImageView+Animations.swift in Sources */ = {isa = PBXBuildFile; fileRef = 35B62C222B01A01B003F7A36 /* UIImageView+Animations.swift */; };
		35B62C262B01CF02003F7A36 /* Feed.xcstrings in Resources */ = {isa = PBXBuildFile; fileRef = 35B62C252B01CF02003F7A36 /* Feed.xcstrings */; };
		35B62C3E2B022CF5003F7A36 /* FeedPresenterTests.swift in Sources */ = {isa = PBXBuildFile; fileRef = 35B62C3D2B022CF5003F7A36 /* FeedPresenterTests.swift */; };
		35B62C412B023E19003F7A36 /* FeedPresenter.swift in Sources */ = {isa = PBXBuildFile; fileRef = 35B62C402B023E19003F7A36 /* FeedPresenter.swift */; };
		35B62C432B023EAA003F7A36 /* Feed.xcstrings in Resources */ = {isa = PBXBuildFile; fileRef = 35B62C422B023EAA003F7A36 /* Feed.xcstrings */; };
		35CCF3E52B0727DA001853E7 /* FeedImageDataCache.swift in Sources */ = {isa = PBXBuildFile; fileRef = 35CCF3E42B0727DA001853E7 /* FeedImageDataCache.swift */; };
		35CCF3E72B074275001853E7 /* FeedSnapshotTests.swift in Sources */ = {isa = PBXBuildFile; fileRef = 35CCF3E62B074275001853E7 /* FeedSnapshotTests.swift */; };
		35CCF3EC2B0852C3001853E7 /* UIViewController+Snapshot.swift in Sources */ = {isa = PBXBuildFile; fileRef = 35CCF3EB2B0852C3001853E7 /* UIViewController+Snapshot.swift */; };
		35CCF3EE2B085301001853E7 /* XCTestCase+Snapshot.swift in Sources */ = {isa = PBXBuildFile; fileRef = 35CCF3ED2B085301001853E7 /* XCTestCase+Snapshot.swift */; };
		35CCF3F02B085575001853E7 /* snapshots in Resources */ = {isa = PBXBuildFile; fileRef = 35CCF3EF2B085575001853E7 /* snapshots */; };
		35CCF3F22B085839001853E7 /* UIImageTestHelpers.swift in Sources */ = {isa = PBXBuildFile; fileRef = 35CCF3F12B085839001853E7 /* UIImageTestHelpers.swift */; };
		35CCF3F62B085929001853E7 /* UITableView+HeaderSizing.swift in Sources */ = {isa = PBXBuildFile; fileRef = 35CCF3F52B085929001853E7 /* UITableView+HeaderSizing.swift */; };
/* End PBXBuildFile section */

/* Begin PBXContainerItemProxy section */
		352C73E52AFF2FB1002F526C /* PBXContainerItemProxy */ = {
			isa = PBXContainerItemProxy;
			containerPortal = 35A182D62AF626A8007073A1 /* Project object */;
			proxyType = 1;
			remoteGlobalIDString = 35A182DE2AF626A8007073A1;
			remoteInfo = EssentialFeed;
		};
		3542627A2AFB915D00CBF133 /* PBXContainerItemProxy */ = {
			isa = PBXContainerItemProxy;
			containerPortal = 35A182D62AF626A8007073A1 /* Project object */;
			proxyType = 1;
			remoteGlobalIDString = 35A182DE2AF626A8007073A1;
			remoteInfo = EssentialFeed;
		};
		356906CE2AFC76C200145049 /* PBXContainerItemProxy */ = {
			isa = PBXContainerItemProxy;
			containerPortal = 35A182D62AF626A8007073A1 /* Project object */;
			proxyType = 1;
			remoteGlobalIDString = 356906C42AFC76C200145049;
			remoteInfo = EssentialFeediOS;
		};
		3584C0F42AF77EE9000F4A4E /* PBXContainerItemProxy */ = {
			isa = PBXContainerItemProxy;
			containerPortal = 35A182D62AF626A8007073A1 /* Project object */;
			proxyType = 1;
			remoteGlobalIDString = 35A182DE2AF626A8007073A1;
			remoteInfo = EssentialFeed;
		};
		35A182E92AF626A8007073A1 /* PBXContainerItemProxy */ = {
			isa = PBXContainerItemProxy;
			containerPortal = 35A182D62AF626A8007073A1 /* Project object */;
			proxyType = 1;
			remoteGlobalIDString = 35A182DE2AF626A8007073A1;
			remoteInfo = EssentialFeed;
		};
/* End PBXContainerItemProxy section */

/* Begin PBXFileReference section */
		351EEE022B03886000439D66 /* FeedImagePresenterTests.swift */ = {isa = PBXFileReference; lastKnownFileType = sourcecode.swift; path = FeedImagePresenterTests.swift; sourceTree = "<group>"; };
		351EEE0C2B0457F300439D66 /* ResourceErrorViewModel.swift */ = {isa = PBXFileReference; lastKnownFileType = sourcecode.swift; path = ResourceErrorViewModel.swift; sourceTree = "<group>"; };
		351EEE0E2B045A1300439D66 /* ErrorView.swift */ = {isa = PBXFileReference; lastKnownFileType = sourcecode.swift; path = ErrorView.swift; sourceTree = "<group>"; };
		351EEE102B045AC900439D66 /* UIRefreshControler+Helpers.swift */ = {isa = PBXFileReference; lastKnownFileType = sourcecode.swift; path = "UIRefreshControler+Helpers.swift"; sourceTree = "<group>"; };
		352C73CC2AFCEFAD002F526C /* UIView+Shimmering.swift */ = {isa = PBXFileReference; fileEncoding = 4; lastKnownFileType = sourcecode.swift; path = "UIView+Shimmering.swift"; sourceTree = "<group>"; };
		352C73CD2AFCEFAD002F526C /* FeedImageCell.swift */ = {isa = PBXFileReference; fileEncoding = 4; lastKnownFileType = sourcecode.swift; path = FeedImageCell.swift; sourceTree = "<group>"; };
		352C73CE2AFCEFAD002F526C /* ListViewController.swift */ = {isa = PBXFileReference; fileEncoding = 4; lastKnownFileType = sourcecode.swift; path = ListViewController.swift; sourceTree = "<group>"; };
		352C73DB2AFDD538002F526C /* FeedImageCellController.swift */ = {isa = PBXFileReference; lastKnownFileType = sourcecode.swift; path = FeedImageCellController.swift; sourceTree = "<group>"; };
		352C73E82AFF3131002F526C /* FeedImageViewModel.swift */ = {isa = PBXFileReference; lastKnownFileType = sourcecode.swift; path = FeedImageViewModel.swift; sourceTree = "<group>"; };
		353039552B0D78F900DBC107 /* SharedLocalizationTests.swift */ = {isa = PBXFileReference; lastKnownFileType = sourcecode.swift; path = SharedLocalizationTests.swift; sourceTree = "<group>"; };
		353039572B0D790F00DBC107 /* SharedLocalizationTestHelpers.swift */ = {isa = PBXFileReference; lastKnownFileType = sourcecode.swift; path = SharedLocalizationTestHelpers.swift; sourceTree = "<group>"; };
		353039592B0D7E2500DBC107 /* ResourceLoadingView.swift */ = {isa = PBXFileReference; lastKnownFileType = sourcecode.swift; path = ResourceLoadingView.swift; sourceTree = "<group>"; };
		3530395B2B0D7EC900DBC107 /* ResourceErrorView.swift */ = {isa = PBXFileReference; lastKnownFileType = sourcecode.swift; path = ResourceErrorView.swift; sourceTree = "<group>"; };
		3530395E2B0DDE9300DBC107 /* ImageCommentsPresenterTests.swift */ = {isa = PBXFileReference; lastKnownFileType = sourcecode.swift; path = ImageCommentsPresenterTests.swift; sourceTree = "<group>"; };
		353039612B0DDEFC00DBC107 /* ImageCommentsPresenter.swift */ = {isa = PBXFileReference; lastKnownFileType = sourcecode.swift; path = ImageCommentsPresenter.swift; sourceTree = "<group>"; };
		353039632B0DDF9F00DBC107 /* ImageComments.xcstrings */ = {isa = PBXFileReference; lastKnownFileType = text.json.xcstrings; path = ImageComments.xcstrings; sourceTree = "<group>"; };
		353097812B06E61E001382FD /* FeedCache.swift */ = {isa = PBXFileReference; lastKnownFileType = sourcecode.swift; path = FeedCache.swift; sourceTree = "<group>"; };
		3530D3F42B0CB8E50075C716 /* LoadResourcePresenterTests.swift */ = {isa = PBXFileReference; lastKnownFileType = sourcecode.swift; path = LoadResourcePresenterTests.swift; sourceTree = "<group>"; };
		3530D3F72B0CB9BD0075C716 /* LoadResourcePresenter.swift */ = {isa = PBXFileReference; lastKnownFileType = sourcecode.swift; path = LoadResourcePresenter.swift; sourceTree = "<group>"; };
		3530D3F92B0CD5F50075C716 /* Shared.xcstrings */ = {isa = PBXFileReference; lastKnownFileType = text.json.xcstrings; path = Shared.xcstrings; sourceTree = "<group>"; };
		354262492AF9B8FA00CBF133 /* ValidateFeedCacheUseCaseTests.swift */ = {isa = PBXFileReference; lastKnownFileType = sourcecode.swift; path = ValidateFeedCacheUseCaseTests.swift; sourceTree = "<group>"; };
		3542624B2AF9BA6F00CBF133 /* SharedTestHelpers.swift */ = {isa = PBXFileReference; lastKnownFileType = sourcecode.swift; path = SharedTestHelpers.swift; sourceTree = "<group>"; };
		3542624D2AF9BA9300CBF133 /* FeedCacheTestHelpers.swift */ = {isa = PBXFileReference; lastKnownFileType = sourcecode.swift; path = FeedCacheTestHelpers.swift; sourceTree = "<group>"; };
		3542624F2AF9CA4600CBF133 /* FeedCachePolicy.swift */ = {isa = PBXFileReference; lastKnownFileType = sourcecode.swift; path = FeedCachePolicy.swift; sourceTree = "<group>"; };
		354262592AFA54EC00CBF133 /* FeedStoreSpecs.swift */ = {isa = PBXFileReference; lastKnownFileType = sourcecode.swift; path = FeedStoreSpecs.swift; sourceTree = "<group>"; };
		3542625B2AFA554400CBF133 /* XCTestCase+FeedStoreSpecs.swift */ = {isa = PBXFileReference; lastKnownFileType = sourcecode.swift; path = "XCTestCase+FeedStoreSpecs.swift"; sourceTree = "<group>"; };
		3542625D2AFA57D200CBF133 /* XCTestCase+FailableRetrieveFeedStoreSpecs.swift */ = {isa = PBXFileReference; lastKnownFileType = sourcecode.swift; path = "XCTestCase+FailableRetrieveFeedStoreSpecs.swift"; sourceTree = "<group>"; };
		3542625F2AFA593500CBF133 /* XCTestCase+FailableInsertFeedStoreSpecs.swift */ = {isa = PBXFileReference; lastKnownFileType = sourcecode.swift; path = "XCTestCase+FailableInsertFeedStoreSpecs.swift"; sourceTree = "<group>"; };
		354262612AFA59AE00CBF133 /* XCTestCase+FailableDeleteFeedStoreSpecs.swift */ = {isa = PBXFileReference; lastKnownFileType = sourcecode.swift; path = "XCTestCase+FailableDeleteFeedStoreSpecs.swift"; sourceTree = "<group>"; };
		354262642AFB123500CBF133 /* CoreDataFeedStoreTests.swift */ = {isa = PBXFileReference; lastKnownFileType = sourcecode.swift; path = CoreDataFeedStoreTests.swift; sourceTree = "<group>"; };
		354262662AFB126500CBF133 /* CoreDataFeedStore.swift */ = {isa = PBXFileReference; lastKnownFileType = sourcecode.swift; name = CoreDataFeedStore.swift; path = ../../CoreDataFeedStore.swift; sourceTree = "<group>"; };
		354262692AFB131400CBF133 /* FeedStore.xcdatamodel */ = {isa = PBXFileReference; lastKnownFileType = wrapper.xcdatamodel; path = FeedStore.xcdatamodel; sourceTree = "<group>"; };
		3542626D2AFB8EE700CBF133 /* ManagedCache.swift */ = {isa = PBXFileReference; lastKnownFileType = sourcecode.swift; path = ManagedCache.swift; sourceTree = "<group>"; };
		3542626F2AFB8EFA00CBF133 /* ManagedFeedImage.swift */ = {isa = PBXFileReference; lastKnownFileType = sourcecode.swift; path = ManagedFeedImage.swift; sourceTree = "<group>"; };
		354262752AFB915D00CBF133 /* EssentialFeedCacheIntegrationTests.xctest */ = {isa = PBXFileReference; explicitFileType = wrapper.cfbundle; includeInIndex = 0; path = EssentialFeedCacheIntegrationTests.xctest; sourceTree = BUILT_PRODUCTS_DIR; };
		354262772AFB915D00CBF133 /* EssentialFeedCacheIntegrationTests.swift */ = {isa = PBXFileReference; lastKnownFileType = sourcecode.swift; path = EssentialFeedCacheIntegrationTests.swift; sourceTree = "<group>"; };
		3542627F2AFB918100CBF133 /* EssentialFeedCacheIntegrationTests.xctestplan */ = {isa = PBXFileReference; lastKnownFileType = text; path = EssentialFeedCacheIntegrationTests.xctestplan; sourceTree = "<group>"; };
		355BBB6E2B0F3B1400EE1737 /* ImageCommentViewModel.swift */ = {isa = PBXFileReference; lastKnownFileType = sourcecode.swift; path = ImageCommentViewModel.swift; sourceTree = "<group>"; };
		356906C52AFC76C200145049 /* EssentialFeediOS.framework */ = {isa = PBXFileReference; explicitFileType = wrapper.framework; includeInIndex = 0; path = EssentialFeediOS.framework; sourceTree = BUILT_PRODUCTS_DIR; };
		356906CC2AFC76C200145049 /* EssentialFeediOSTests.xctest */ = {isa = PBXFileReference; explicitFileType = wrapper.cfbundle; includeInIndex = 0; path = EssentialFeediOSTests.xctest; sourceTree = BUILT_PRODUCTS_DIR; };
		356906DA2AFC773C00145049 /* EssentialFeediOS.xctestplan */ = {isa = PBXFileReference; lastKnownFileType = text; path = EssentialFeediOS.xctestplan; sourceTree = "<group>"; };
		3584C0DE2AF70521000F4A4E /* HTTPClient.swift */ = {isa = PBXFileReference; lastKnownFileType = sourcecode.swift; path = HTTPClient.swift; sourceTree = "<group>"; };
		3584C0E02AF70581000F4A4E /* FeedItemsMapper.swift */ = {isa = PBXFileReference; lastKnownFileType = sourcecode.swift; path = FeedItemsMapper.swift; sourceTree = "<group>"; };
		3584C0E32AF74655000F4A4E /* URLSessionHTTPClientTests.swift */ = {isa = PBXFileReference; lastKnownFileType = sourcecode.swift; path = URLSessionHTTPClientTests.swift; sourceTree = "<group>"; };
		3584C0E62AF77B5E000F4A4E /* XCTestCase+MemoryLeakTracking.swift */ = {isa = PBXFileReference; lastKnownFileType = sourcecode.swift; path = "XCTestCase+MemoryLeakTracking.swift"; sourceTree = "<group>"; };
		3584C0EA2AF77DFE000F4A4E /* EssentialFeed.xctestplan */ = {isa = PBXFileReference; lastKnownFileType = text; path = EssentialFeed.xctestplan; sourceTree = "<group>"; };
		3584C0EF2AF77EE9000F4A4E /* EssentialFeedAPIEndToEndTests.xctest */ = {isa = PBXFileReference; explicitFileType = wrapper.cfbundle; includeInIndex = 0; path = EssentialFeedAPIEndToEndTests.xctest; sourceTree = BUILT_PRODUCTS_DIR; };
		3584C0F12AF77EE9000F4A4E /* EssentialFeedAPIEndToEndTests.swift */ = {isa = PBXFileReference; lastKnownFileType = sourcecode.swift; path = EssentialFeedAPIEndToEndTests.swift; sourceTree = "<group>"; };
		3584C0FB2AF78104000F4A4E /* CI.xctestplan */ = {isa = PBXFileReference; lastKnownFileType = text; path = CI.xctestplan; sourceTree = "<group>"; };
		3584C0FE2AF781CB000F4A4E /* URLSessionHTTPClient.swift */ = {isa = PBXFileReference; lastKnownFileType = sourcecode.swift; path = URLSessionHTTPClient.swift; sourceTree = "<group>"; };
		3584C11B2AF8B0EC000F4A4E /* CacheFeedUseCaseTests.swift */ = {isa = PBXFileReference; lastKnownFileType = sourcecode.swift; path = CacheFeedUseCaseTests.swift; sourceTree = "<group>"; };
		3584C11E2AF8DAE9000F4A4E /* LocalFeedLoader.swift */ = {isa = PBXFileReference; lastKnownFileType = sourcecode.swift; path = LocalFeedLoader.swift; sourceTree = "<group>"; };
		3584C1202AF8E96D000F4A4E /* LocalFeedImage.swift */ = {isa = PBXFileReference; lastKnownFileType = sourcecode.swift; path = LocalFeedImage.swift; sourceTree = "<group>"; };
		3584C1222AF8E9A4000F4A4E /* FeedStore.swift */ = {isa = PBXFileReference; lastKnownFileType = sourcecode.swift; path = FeedStore.swift; sourceTree = "<group>"; };
		3584C1242AF907DD000F4A4E /* LoadFeedFromCacheUseCaseTests.swift */ = {isa = PBXFileReference; lastKnownFileType = sourcecode.swift; path = LoadFeedFromCacheUseCaseTests.swift; sourceTree = "<group>"; };
		3584C1272AF9087B000F4A4E /* FeedStoreSpy.swift */ = {isa = PBXFileReference; lastKnownFileType = sourcecode.swift; path = FeedStoreSpy.swift; sourceTree = "<group>"; };
		358DF72F2B05D8B400E7ECA8 /* LoadFeedImageDataFromCacheUseCaseTests.swift */ = {isa = PBXFileReference; lastKnownFileType = sourcecode.swift; path = LoadFeedImageDataFromCacheUseCaseTests.swift; sourceTree = "<group>"; };
		358DF7312B05DB8800E7ECA8 /* FeedImageDataLoader.swift */ = {isa = PBXFileReference; lastKnownFileType = sourcecode.swift; path = FeedImageDataLoader.swift; sourceTree = "<group>"; };
		358DF7332B05E63800E7ECA8 /* LocalFeedImageDataLoader.swift */ = {isa = PBXFileReference; lastKnownFileType = sourcecode.swift; path = LocalFeedImageDataLoader.swift; sourceTree = "<group>"; };
		358DF7352B05E65700E7ECA8 /* FeedImageDataStore.swift */ = {isa = PBXFileReference; lastKnownFileType = sourcecode.swift; path = FeedImageDataStore.swift; sourceTree = "<group>"; };
		358DF7372B05E73500E7ECA8 /* FeedImageDataStoreSpy.swift */ = {isa = PBXFileReference; lastKnownFileType = sourcecode.swift; path = FeedImageDataStoreSpy.swift; sourceTree = "<group>"; };
		358DF7392B06153800E7ECA8 /* CoreDataHelpers.swift */ = {isa = PBXFileReference; lastKnownFileType = sourcecode.swift; path = CoreDataHelpers.swift; sourceTree = "<group>"; };
		358DF73B2B06159400E7ECA8 /* CoreDataFeedStore+FeedStore.swift */ = {isa = PBXFileReference; fileEncoding = 4; lastKnownFileType = sourcecode.swift; path = "CoreDataFeedStore+FeedStore.swift"; sourceTree = "<group>"; };
		358DF73F2B0615D000E7ECA8 /* CoreDataFeedStore+FeedImageDataLoader.swift */ = {isa = PBXFileReference; fileEncoding = 4; lastKnownFileType = sourcecode.swift; path = "CoreDataFeedStore+FeedImageDataLoader.swift"; sourceTree = "<group>"; };
		359A5EF52B04B5990052ED0C /* FeedStore 2.xcdatamodel */ = {isa = PBXFileReference; lastKnownFileType = wrapper.xcdatamodel; path = "FeedStore 2.xcdatamodel"; sourceTree = "<group>"; };
		35A182DF2AF626A8007073A1 /* EssentialFeed.framework */ = {isa = PBXFileReference; explicitFileType = wrapper.framework; includeInIndex = 0; path = EssentialFeed.framework; sourceTree = BUILT_PRODUCTS_DIR; };
		35A182E22AF626A8007073A1 /* EssentialFeed.h */ = {isa = PBXFileReference; lastKnownFileType = sourcecode.c.h; path = EssentialFeed.h; sourceTree = "<group>"; };
		35A182E72AF626A8007073A1 /* EssentialFeedTests.xctest */ = {isa = PBXFileReference; explicitFileType = wrapper.cfbundle; includeInIndex = 0; path = EssentialFeedTests.xctest; sourceTree = BUILT_PRODUCTS_DIR; };
		35A182F72AF6274F007073A1 /* FeedImage.swift */ = {isa = PBXFileReference; lastKnownFileType = sourcecode.swift; path = FeedImage.swift; sourceTree = "<group>"; };
		35A182F92AF62799007073A1 /* FeedLoader.swift */ = {isa = PBXFileReference; lastKnownFileType = sourcecode.swift; path = FeedLoader.swift; sourceTree = "<group>"; };
		35A182FC2AF62899007073A1 /* FeedItemsMapperTests.swift */ = {isa = PBXFileReference; lastKnownFileType = sourcecode.swift; path = FeedItemsMapperTests.swift; sourceTree = "<group>"; };
		35B0D9E82B0B5FB4008B40D5 /* ImageCommentsMapperTests.swift */ = {isa = PBXFileReference; lastKnownFileType = sourcecode.swift; path = ImageCommentsMapperTests.swift; sourceTree = "<group>"; };
		35B0D9EC2B0B61B6008B40D5 /* ImageCommentsMapper.swift */ = {isa = PBXFileReference; lastKnownFileType = sourcecode.swift; path = ImageCommentsMapper.swift; sourceTree = "<group>"; };
		35B0D9EE2B0B6524008B40D5 /* ImageComment.swift */ = {isa = PBXFileReference; lastKnownFileType = sourcecode.swift; path = ImageComment.swift; sourceTree = "<group>"; };
		35B3F1D22B048F6E00EE2BC0 /* LoadFeedImageDataFromRemoteUseCaseTests.swift */ = {isa = PBXFileReference; lastKnownFileType = sourcecode.swift; path = LoadFeedImageDataFromRemoteUseCaseTests.swift; sourceTree = "<group>"; };
		35B3F1D52B049E0F00EE2BC0 /* URLHTTPResponse+Helper.swift */ = {isa = PBXFileReference; lastKnownFileType = sourcecode.swift; path = "URLHTTPResponse+Helper.swift"; sourceTree = "<group>"; };
		35B3F1D72B049ED300EE2BC0 /* RemoteFeedImageDataLoader.swift */ = {isa = PBXFileReference; lastKnownFileType = sourcecode.swift; path = RemoteFeedImageDataLoader.swift; sourceTree = "<group>"; };
		35B3F1D92B04A18500EE2BC0 /* URLProtocolStub.swift */ = {isa = PBXFileReference; fileEncoding = 4; lastKnownFileType = sourcecode.swift; path = URLProtocolStub.swift; sourceTree = "<group>"; };
		35B62C192B00C112003F7A36 /* Feed.storyboard */ = {isa = PBXFileReference; lastKnownFileType = file.storyboard; path = Feed.storyboard; sourceTree = "<group>"; };
		35B62C1B2B00C1A2003F7A36 /* Feed.xcassets */ = {isa = PBXFileReference; lastKnownFileType = folder.assetcatalog; path = Feed.xcassets; sourceTree = "<group>"; };
		35B62C1D2B0198D7003F7A36 /* FeedImagePresenter.swift */ = {isa = PBXFileReference; lastKnownFileType = sourcecode.swift; path = FeedImagePresenter.swift; sourceTree = "<group>"; };
		35B62C202B019D99003F7A36 /* UITableView+Dequeueing.swift */ = {isa = PBXFileReference; lastKnownFileType = sourcecode.swift; path = "UITableView+Dequeueing.swift"; sourceTree = "<group>"; };
		35B62C222B01A01B003F7A36 /* UIImageView+Animations.swift */ = {isa = PBXFileReference; lastKnownFileType = sourcecode.swift; path = "UIImageView+Animations.swift"; sourceTree = "<group>"; };
		35B62C252B01CF02003F7A36 /* Feed.xcstrings */ = {isa = PBXFileReference; lastKnownFileType = text.json.xcstrings; path = Feed.xcstrings; sourceTree = "<group>"; };
		35B62C2B2B01DE95003F7A36 /* FeedLocalizationTests.swift */ = {isa = PBXFileReference; lastKnownFileType = sourcecode.swift; path = FeedLocalizationTests.swift; sourceTree = "<group>"; };
		35B62C2D2B01FDBD003F7A36 /* ResourceLoadingViewModel.swift */ = {isa = PBXFileReference; lastKnownFileType = sourcecode.swift; path = ResourceLoadingViewModel.swift; sourceTree = "<group>"; };
		35B62C2F2B01FDF3003F7A36 /* FeedViewModel.swift */ = {isa = PBXFileReference; lastKnownFileType = sourcecode.swift; path = FeedViewModel.swift; sourceTree = "<group>"; };
		35B62C3D2B022CF5003F7A36 /* FeedPresenterTests.swift */ = {isa = PBXFileReference; lastKnownFileType = sourcecode.swift; path = FeedPresenterTests.swift; sourceTree = "<group>"; };
		35B62C402B023E19003F7A36 /* FeedPresenter.swift */ = {isa = PBXFileReference; lastKnownFileType = sourcecode.swift; path = FeedPresenter.swift; sourceTree = "<group>"; };
		35B62C422B023EAA003F7A36 /* Feed.xcstrings */ = {isa = PBXFileReference; lastKnownFileType = text.json.xcstrings; path = Feed.xcstrings; sourceTree = "<group>"; };
		35CCF3E42B0727DA001853E7 /* FeedImageDataCache.swift */ = {isa = PBXFileReference; fileEncoding = 4; lastKnownFileType = sourcecode.swift; path = FeedImageDataCache.swift; sourceTree = "<group>"; };
		35CCF3E62B074275001853E7 /* FeedSnapshotTests.swift */ = {isa = PBXFileReference; lastKnownFileType = sourcecode.swift; path = FeedSnapshotTests.swift; sourceTree = "<group>"; };
		35CCF3EB2B0852C3001853E7 /* UIViewController+Snapshot.swift */ = {isa = PBXFileReference; lastKnownFileType = sourcecode.swift; name = "UIViewController+Snapshot.swift"; path = "EssentialFeediOSTests/UIViewController+Snapshot.swift"; sourceTree = SOURCE_ROOT; };
		35CCF3ED2B085301001853E7 /* XCTestCase+Snapshot.swift */ = {isa = PBXFileReference; lastKnownFileType = sourcecode.swift; path = "XCTestCase+Snapshot.swift"; sourceTree = "<group>"; };
		35CCF3EF2B085575001853E7 /* snapshots */ = {isa = PBXFileReference; fileEncoding = 4; lastKnownFileType = text; name = snapshots; path = EssentialFeediOSTests/snapshots; sourceTree = SOURCE_ROOT; };
		35CCF3F12B085839001853E7 /* UIImageTestHelpers.swift */ = {isa = PBXFileReference; lastKnownFileType = sourcecode.swift; path = UIImageTestHelpers.swift; sourceTree = "<group>"; };
		35CCF3F52B085929001853E7 /* UITableView+HeaderSizing.swift */ = {isa = PBXFileReference; lastKnownFileType = sourcecode.swift; path = "UITableView+HeaderSizing.swift"; sourceTree = "<group>"; };
/* End PBXFileReference section */

/* Begin PBXFrameworksBuildPhase section */
		354262722AFB915D00CBF133 /* Frameworks */ = {
			isa = PBXFrameworksBuildPhase;
			buildActionMask = 2147483647;
			files = (
				354262792AFB915D00CBF133 /* EssentialFeed.framework in Frameworks */,
			);
			runOnlyForDeploymentPostprocessing = 0;
		};
		356906C22AFC76C200145049 /* Frameworks */ = {
			isa = PBXFrameworksBuildPhase;
			buildActionMask = 2147483647;
			files = (
				352C73E32AFF2FB0002F526C /* EssentialFeed.framework in Frameworks */,
			);
			runOnlyForDeploymentPostprocessing = 0;
		};
		356906C92AFC76C200145049 /* Frameworks */ = {
			isa = PBXFrameworksBuildPhase;
			buildActionMask = 2147483647;
			files = (
				356906CD2AFC76C200145049 /* EssentialFeediOS.framework in Frameworks */,
			);
			runOnlyForDeploymentPostprocessing = 0;
		};
		3584C0EC2AF77EE9000F4A4E /* Frameworks */ = {
			isa = PBXFrameworksBuildPhase;
			buildActionMask = 2147483647;
			files = (
				3584C0F32AF77EE9000F4A4E /* EssentialFeed.framework in Frameworks */,
			);
			runOnlyForDeploymentPostprocessing = 0;
		};
		35A182DC2AF626A8007073A1 /* Frameworks */ = {
			isa = PBXFrameworksBuildPhase;
			buildActionMask = 2147483647;
			files = (
			);
			runOnlyForDeploymentPostprocessing = 0;
		};
		35A182E42AF626A8007073A1 /* Frameworks */ = {
			isa = PBXFrameworksBuildPhase;
			buildActionMask = 2147483647;
			files = (
				35A182E82AF626A8007073A1 /* EssentialFeed.framework in Frameworks */,
			);
			runOnlyForDeploymentPostprocessing = 0;
		};
/* End PBXFrameworksBuildPhase section */

/* Begin PBXGroup section */
		352C73C92AFCEF00002F526C /* EssentialFeediOS */ = {
			isa = PBXGroup;
			children = (
				355BBB702B0F4FE300EE1737 /* Shared UI */,
				35B62C242B01CECB003F7A36 /* Feed Presentation */,
				352C73D82AFDD107002F526C /* Feed UI */,
				352C73D52AFDCE45002F526C /* Feed Image Loader */,
				352C73CD2AFCEFAD002F526C /* FeedImageCell.swift */,
				352C73CC2AFCEFAD002F526C /* UIView+Shimmering.swift */,
			);
			path = EssentialFeediOS;
			sourceTree = "<group>";
		};
		352C73D52AFDCE45002F526C /* Feed Image Loader */ = {
			isa = PBXGroup;
			children = (
			);
			path = "Feed Image Loader";
			sourceTree = "<group>";
		};
		352C73D82AFDD107002F526C /* Feed UI */ = {
			isa = PBXGroup;
			children = (
				35B62C1F2B019D8B003F7A36 /* Views */,
				353097A92B0722C4001382FD /* Controllers */,
				35B62C192B00C112003F7A36 /* Feed.storyboard */,
				35B62C1B2B00C1A2003F7A36 /* Feed.xcassets */,
			);
			path = "Feed UI";
			sourceTree = "<group>";
		};
		352C73E22AFF2FB0002F526C /* Frameworks */ = {
			isa = PBXGroup;
			children = (
			);
			name = Frameworks;
			sourceTree = "<group>";
		};
		3530395D2B0DDE8000DBC107 /* Image Comments */ = {
			isa = PBXGroup;
			children = (
				3530395E2B0DDE9300DBC107 /* ImageCommentsPresenterTests.swift */,
			);
			path = "Image Comments";
			sourceTree = "<group>";
		};
		353039602B0DDEEB00DBC107 /* Image Comments Presentation */ = {
			isa = PBXGroup;
			children = (
				355BBB6E2B0F3B1400EE1737 /* ImageCommentViewModel.swift */,
				353039612B0DDEFC00DBC107 /* ImageCommentsPresenter.swift */,
				353039632B0DDF9F00DBC107 /* ImageComments.xcstrings */,
			);
			path = "Image Comments Presentation";
			sourceTree = "<group>";
		};
		353097A92B0722C4001382FD /* Controllers */ = {
			isa = PBXGroup;
			children = (
				352C73DB2AFDD538002F526C /* FeedImageCellController.swift */,
			);
			path = Controllers;
			sourceTree = "<group>";
		};
		3530D3F32B0CB8D40075C716 /* Shared Presentation */ = {
			isa = PBXGroup;
			children = (
				3530D3F42B0CB8E50075C716 /* LoadResourcePresenterTests.swift */,
				353039552B0D78F900DBC107 /* SharedLocalizationTests.swift */,
				353039572B0D790F00DBC107 /* SharedLocalizationTestHelpers.swift */,
			);
			path = "Shared Presentation";
			sourceTree = "<group>";
		};
		3530D3F62B0CB9AA0075C716 /* Shared Presentation */ = {
			isa = PBXGroup;
			children = (
				3530D3F72B0CB9BD0075C716 /* LoadResourcePresenter.swift */,
				353039592B0D7E2500DBC107 /* ResourceLoadingView.swift */,
				35B62C2D2B01FDBD003F7A36 /* ResourceLoadingViewModel.swift */,
				3530395B2B0D7EC900DBC107 /* ResourceErrorView.swift */,
				3530D3F92B0CD5F50075C716 /* Shared.xcstrings */,
			);
			path = "Shared Presentation";
			sourceTree = "<group>";
		};
		354262632AFA5A0800CBF133 /* FeedStoreSpecs */ = {
			isa = PBXGroup;
			children = (
				354262592AFA54EC00CBF133 /* FeedStoreSpecs.swift */,
				3542625B2AFA554400CBF133 /* XCTestCase+FeedStoreSpecs.swift */,
				3542625D2AFA57D200CBF133 /* XCTestCase+FailableRetrieveFeedStoreSpecs.swift */,
				3542625F2AFA593500CBF133 /* XCTestCase+FailableInsertFeedStoreSpecs.swift */,
				354262612AFA59AE00CBF133 /* XCTestCase+FailableDeleteFeedStoreSpecs.swift */,
			);
			path = FeedStoreSpecs;
			sourceTree = "<group>";
		};
		3542626B2AFB8ECB00CBF133 /* Infrastracture */ = {
			isa = PBXGroup;
			children = (
				3542626C2AFB8ED800CBF133 /* CoreData */,
			);
			path = Infrastracture;
			sourceTree = "<group>";
		};
		3542626C2AFB8ED800CBF133 /* CoreData */ = {
			isa = PBXGroup;
			children = (
				354262662AFB126500CBF133 /* CoreDataFeedStore.swift */,
				358DF73B2B06159400E7ECA8 /* CoreDataFeedStore+FeedStore.swift */,
				358DF73F2B0615D000E7ECA8 /* CoreDataFeedStore+FeedImageDataLoader.swift */,
				3542626D2AFB8EE700CBF133 /* ManagedCache.swift */,
				3542626F2AFB8EFA00CBF133 /* ManagedFeedImage.swift */,
				358DF7392B06153800E7ECA8 /* CoreDataHelpers.swift */,
			);
			path = CoreData;
			sourceTree = "<group>";
		};
		354262762AFB915D00CBF133 /* EssentialFeedCacheIntegrationTests */ = {
			isa = PBXGroup;
			children = (
				354262772AFB915D00CBF133 /* EssentialFeedCacheIntegrationTests.swift */,
			);
			path = EssentialFeedCacheIntegrationTests;
			sourceTree = "<group>";
		};
		355BBB702B0F4FE300EE1737 /* Shared UI */ = {
			isa = PBXGroup;
			children = (
				355BBB722B0F502900EE1737 /* Views */,
				355BBB712B0F4FEE00EE1737 /* Controllers */,
			);
			path = "Shared UI";
			sourceTree = "<group>";
		};
		355BBB712B0F4FEE00EE1737 /* Controllers */ = {
			isa = PBXGroup;
			children = (
				352C73CE2AFCEFAD002F526C /* ListViewController.swift */,
			);
			path = Controllers;
			sourceTree = "<group>";
		};
		355BBB722B0F502900EE1737 /* Views */ = {
			isa = PBXGroup;
			children = (
				355BBB732B0F505A00EE1737 /* Helpers */,
				351EEE0E2B045A1300439D66 /* ErrorView.swift */,
			);
			path = Views;
			sourceTree = "<group>";
		};
		355BBB732B0F505A00EE1737 /* Helpers */ = {
			isa = PBXGroup;
			children = (
				351EEE102B045AC900439D66 /* UIRefreshControler+Helpers.swift */,
				35B62C202B019D99003F7A36 /* UITableView+Dequeueing.swift */,
				35CCF3F52B085929001853E7 /* UITableView+HeaderSizing.swift */,
			);
			path = Helpers;
			sourceTree = "<group>";
		};
		356906D02AFC76C200145049 /* EssentialFeediOSTests */ = {
			isa = PBXGroup;
			children = (
				35CCF3EA2B08529F001853E7 /* Helpers */,
				35CCF3E62B074275001853E7 /* FeedSnapshotTests.swift */,
			);
			path = EssentialFeediOSTests;
			sourceTree = "<group>";
		};
		3584C0E22AF707DF000F4A4E /* Feed API */ = {
			isa = PBXGroup;
			children = (
				35A182FC2AF62899007073A1 /* FeedItemsMapperTests.swift */,
				35B3F1D22B048F6E00EE2BC0 /* LoadFeedImageDataFromRemoteUseCaseTests.swift */,
			);
			path = "Feed API";
			sourceTree = "<group>";
		};
		3584C0E52AF77B48000F4A4E /* Helpers */ = {
			isa = PBXGroup;
			children = (
				3584C0E62AF77B5E000F4A4E /* XCTestCase+MemoryLeakTracking.swift */,
				3542624B2AF9BA6F00CBF133 /* SharedTestHelpers.swift */,
				35B3F1D92B04A18500EE2BC0 /* URLProtocolStub.swift */,
			);
			path = Helpers;
			sourceTree = "<group>";
		};
		3584C0F02AF77EE9000F4A4E /* EssentialFeedAPIEndToEndTests */ = {
			isa = PBXGroup;
			children = (
				3584C0F12AF77EE9000F4A4E /* EssentialFeedAPIEndToEndTests.swift */,
			);
			path = EssentialFeedAPIEndToEndTests;
			sourceTree = "<group>";
		};
		3584C0FC2AF7813A000F4A4E /* Test Plans */ = {
			isa = PBXGroup;
			children = (
				3584C0FB2AF78104000F4A4E /* CI.xctestplan */,
				3584C0EA2AF77DFE000F4A4E /* EssentialFeed.xctestplan */,
				356906DA2AFC773C00145049 /* EssentialFeediOS.xctestplan */,
				3542627F2AFB918100CBF133 /* EssentialFeedCacheIntegrationTests.xctestplan */,
			);
			name = "Test Plans";
			sourceTree = "<group>";
		};
		3584C11A2AF8B0B6000F4A4E /* Feed Cache */ = {
			isa = PBXGroup;
			children = (
				354262632AFA5A0800CBF133 /* FeedStoreSpecs */,
				3584C1262AF9085C000F4A4E /* Helpers */,
				3584C11B2AF8B0EC000F4A4E /* CacheFeedUseCaseTests.swift */,
				3584C1242AF907DD000F4A4E /* LoadFeedFromCacheUseCaseTests.swift */,
				354262492AF9B8FA00CBF133 /* ValidateFeedCacheUseCaseTests.swift */,
				354262642AFB123500CBF133 /* CoreDataFeedStoreTests.swift */,
				358DF72F2B05D8B400E7ECA8 /* LoadFeedImageDataFromCacheUseCaseTests.swift */,
			);
			path = "Feed Cache";
			sourceTree = "<group>";
		};
		3584C11D2AF8DADE000F4A4E /* Feed Cache */ = {
			isa = PBXGroup;
			children = (
				3542626B2AFB8ECB00CBF133 /* Infrastracture */,
				3584C11E2AF8DAE9000F4A4E /* LocalFeedLoader.swift */,
				3584C1202AF8E96D000F4A4E /* LocalFeedImage.swift */,
				3584C1222AF8E9A4000F4A4E /* FeedStore.swift */,
				358DF7352B05E65700E7ECA8 /* FeedImageDataStore.swift */,
				3542624F2AF9CA4600CBF133 /* FeedCachePolicy.swift */,
				353097812B06E61E001382FD /* FeedCache.swift */,
				358DF7332B05E63800E7ECA8 /* LocalFeedImageDataLoader.swift */,
				354262682AFB131400CBF133 /* FeedStore.xcdatamodeld */,
			);
			path = "Feed Cache";
			sourceTree = "<group>";
		};
		3584C1262AF9085C000F4A4E /* Helpers */ = {
			isa = PBXGroup;
			children = (
				3584C1272AF9087B000F4A4E /* FeedStoreSpy.swift */,
				358DF7372B05E73500E7ECA8 /* FeedImageDataStoreSpy.swift */,
				3542624D2AF9BA9300CBF133 /* FeedCacheTestHelpers.swift */,
			);
			path = Helpers;
			sourceTree = "<group>";
		};
		35A182D52AF626A8007073A1 = {
			isa = PBXGroup;
			children = (
				3584C0FC2AF7813A000F4A4E /* Test Plans */,
				35A182E12AF626A8007073A1 /* EssentialFeed */,
				35A182EB2AF626A8007073A1 /* EssentialFeedTests */,
				3584C0F02AF77EE9000F4A4E /* EssentialFeedAPIEndToEndTests */,
				354262762AFB915D00CBF133 /* EssentialFeedCacheIntegrationTests */,
				352C73C92AFCEF00002F526C /* EssentialFeediOS */,
				356906D02AFC76C200145049 /* EssentialFeediOSTests */,
				35A182E02AF626A8007073A1 /* Products */,
				352C73E22AFF2FB0002F526C /* Frameworks */,
			);
			sourceTree = "<group>";
		};
		35A182E02AF626A8007073A1 /* Products */ = {
			isa = PBXGroup;
			children = (
				35A182DF2AF626A8007073A1 /* EssentialFeed.framework */,
				35A182E72AF626A8007073A1 /* EssentialFeedTests.xctest */,
				3584C0EF2AF77EE9000F4A4E /* EssentialFeedAPIEndToEndTests.xctest */,
				354262752AFB915D00CBF133 /* EssentialFeedCacheIntegrationTests.xctest */,
				356906C52AFC76C200145049 /* EssentialFeediOS.framework */,
				356906CC2AFC76C200145049 /* EssentialFeediOSTests.xctest */,
			);
			name = Products;
			sourceTree = "<group>";
		};
		35A182E12AF626A8007073A1 /* EssentialFeed */ = {
			isa = PBXGroup;
			children = (
				35A182E22AF626A8007073A1 /* EssentialFeed.h */,
				3530D3F62B0CB9AA0075C716 /* Shared Presentation */,
				35B0D9F42B0B767D008B40D5 /* Shared API */,
				35B0D9F12B0B7633008B40D5 /* Shared API Infra */,
				35B0D9F02B0B66D4008B40D5 /* Image Comments Feature */,
				35B0D9F62B0B76D3008B40D5 /* Image Comments API */,
				353039602B0DDEEB00DBC107 /* Image Comments Presentation */,
				3584C11D2AF8DADE000F4A4E /* Feed Cache */,
				35A52A7F2AF62F5200D9B963 /* Feed API */,
				35A182FB2AF6282D007073A1 /* Feed Feature */,
				35B62C3F2B023E06003F7A36 /* Feed Presentation */,
			);
			path = EssentialFeed;
			sourceTree = "<group>";
		};
		35A182EB2AF626A8007073A1 /* EssentialFeedTests */ = {
			isa = PBXGroup;
			children = (
				3530395D2B0DDE8000DBC107 /* Image Comments */,
				3530D3F32B0CB8D40075C716 /* Shared Presentation */,
				35B0D9F52B0B769B008B40D5 /* Shared API Infra */,
				35B0D9F72B0B76F6008B40D5 /* Image Comments API */,
				3584C11A2AF8B0B6000F4A4E /* Feed Cache */,
				3584C0E22AF707DF000F4A4E /* Feed API */,
				35B62C3C2B022CCE003F7A36 /* Feed Presentation */,
			);
			path = EssentialFeedTests;
			sourceTree = "<group>";
		};
		35A182FB2AF6282D007073A1 /* Feed Feature */ = {
			isa = PBXGroup;
			children = (
				35CCF3E42B0727DA001853E7 /* FeedImageDataCache.swift */,
				35A182F72AF6274F007073A1 /* FeedImage.swift */,
				35A182F92AF62799007073A1 /* FeedLoader.swift */,
				358DF7312B05DB8800E7ECA8 /* FeedImageDataLoader.swift */,
			);
			path = "Feed Feature";
			sourceTree = "<group>";
		};
		35A52A7F2AF62F5200D9B963 /* Feed API */ = {
			isa = PBXGroup;
			children = (
				35B3F1D42B049DFD00EE2BC0 /* Helpers */,
				35B3F1D72B049ED300EE2BC0 /* RemoteFeedImageDataLoader.swift */,
				3584C0E02AF70581000F4A4E /* FeedItemsMapper.swift */,
			);
			path = "Feed API";
			sourceTree = "<group>";
		};
		35B0D9F02B0B66D4008B40D5 /* Image Comments Feature */ = {
			isa = PBXGroup;
			children = (
				35B0D9EE2B0B6524008B40D5 /* ImageComment.swift */,
			);
			path = "Image Comments Feature";
			sourceTree = "<group>";
		};
		35B0D9F12B0B7633008B40D5 /* Shared API Infra */ = {
			isa = PBXGroup;
			children = (
				3584C0FE2AF781CB000F4A4E /* URLSessionHTTPClient.swift */,
			);
			path = "Shared API Infra";
			sourceTree = "<group>";
		};
		35B0D9F42B0B767D008B40D5 /* Shared API */ = {
			isa = PBXGroup;
			children = (
				3584C0DE2AF70521000F4A4E /* HTTPClient.swift */,
			);
			path = "Shared API";
			sourceTree = "<group>";
		};
		35B0D9F52B0B769B008B40D5 /* Shared API Infra */ = {
			isa = PBXGroup;
			children = (
				3584C0E52AF77B48000F4A4E /* Helpers */,
				3584C0E32AF74655000F4A4E /* URLSessionHTTPClientTests.swift */,
			);
			path = "Shared API Infra";
			sourceTree = "<group>";
		};
		35B0D9F62B0B76D3008B40D5 /* Image Comments API */ = {
			isa = PBXGroup;
			children = (
				35B0D9EC2B0B61B6008B40D5 /* ImageCommentsMapper.swift */,
			);
			path = "Image Comments API";
			sourceTree = "<group>";
		};
		35B0D9F72B0B76F6008B40D5 /* Image Comments API */ = {
			isa = PBXGroup;
			children = (
				35B0D9E82B0B5FB4008B40D5 /* ImageCommentsMapperTests.swift */,
			);
			path = "Image Comments API";
			sourceTree = "<group>";
		};
		35B3F1D42B049DFD00EE2BC0 /* Helpers */ = {
			isa = PBXGroup;
			children = (
				35B3F1D52B049E0F00EE2BC0 /* URLHTTPResponse+Helper.swift */,
			);
			path = Helpers;
			sourceTree = "<group>";
		};
		35B62C1F2B019D8B003F7A36 /* Views */ = {
			isa = PBXGroup;
			children = (
				35CCF3F42B085917001853E7 /* Helpers */,
			);
			path = Views;
			sourceTree = "<group>";
		};
		35B62C242B01CECB003F7A36 /* Feed Presentation */ = {
			isa = PBXGroup;
			children = (
				35B62C312B020663003F7A36 /* Composers */,
				35B62C252B01CF02003F7A36 /* Feed.xcstrings */,
			);
			path = "Feed Presentation";
			sourceTree = "<group>";
		};
		35B62C312B020663003F7A36 /* Composers */ = {
			isa = PBXGroup;
			children = (
			);
			path = Composers;
			sourceTree = "<group>";
		};
		35B62C3C2B022CCE003F7A36 /* Feed Presentation */ = {
			isa = PBXGroup;
			children = (
				35B62C2B2B01DE95003F7A36 /* FeedLocalizationTests.swift */,
				35B62C3D2B022CF5003F7A36 /* FeedPresenterTests.swift */,
				351EEE022B03886000439D66 /* FeedImagePresenterTests.swift */,
			);
			path = "Feed Presentation";
			sourceTree = "<group>";
		};
		35B62C3F2B023E06003F7A36 /* Feed Presentation */ = {
			isa = PBXGroup;
			children = (
				351EEE0C2B0457F300439D66 /* ResourceErrorViewModel.swift */,
				35B62C402B023E19003F7A36 /* FeedPresenter.swift */,
				35B62C2F2B01FDF3003F7A36 /* FeedViewModel.swift */,
				35B62C1D2B0198D7003F7A36 /* FeedImagePresenter.swift */,
				352C73E82AFF3131002F526C /* FeedImageViewModel.swift */,
				35B62C422B023EAA003F7A36 /* Feed.xcstrings */,
			);
			path = "Feed Presentation";
			sourceTree = "<group>";
		};
		35CCF3EA2B08529F001853E7 /* Helpers */ = {
			isa = PBXGroup;
			children = (
				35CCF3EF2B085575001853E7 /* snapshots */,
				35CCF3ED2B085301001853E7 /* XCTestCase+Snapshot.swift */,
				35CCF3EB2B0852C3001853E7 /* UIViewController+Snapshot.swift */,
				35CCF3F12B085839001853E7 /* UIImageTestHelpers.swift */,
			);
			path = Helpers;
			sourceTree = "<group>";
		};
		35CCF3F42B085917001853E7 /* Helpers */ = {
			isa = PBXGroup;
			children = (
				35B62C222B01A01B003F7A36 /* UIImageView+Animations.swift */,
			);
			path = Helpers;
			sourceTree = "<group>";
		};
/* End PBXGroup section */

/* Begin PBXHeadersBuildPhase section */
		356906C02AFC76C200145049 /* Headers */ = {
			isa = PBXHeadersBuildPhase;
			buildActionMask = 2147483647;
			files = (
			);
			runOnlyForDeploymentPostprocessing = 0;
		};
		35A182DA2AF626A8007073A1 /* Headers */ = {
			isa = PBXHeadersBuildPhase;
			buildActionMask = 2147483647;
			files = (
				35A182EE2AF626A8007073A1 /* EssentialFeed.h in Headers */,
			);
			runOnlyForDeploymentPostprocessing = 0;
		};
/* End PBXHeadersBuildPhase section */

/* Begin PBXNativeTarget section */
		354262742AFB915D00CBF133 /* EssentialFeedCacheIntegrationTests */ = {
			isa = PBXNativeTarget;
			buildConfigurationList = 3542627C2AFB915D00CBF133 /* Build configuration list for PBXNativeTarget "EssentialFeedCacheIntegrationTests" */;
			buildPhases = (
				354262712AFB915D00CBF133 /* Sources */,
				354262722AFB915D00CBF133 /* Frameworks */,
				354262732AFB915D00CBF133 /* Resources */,
			);
			buildRules = (
			);
			dependencies = (
				3542627B2AFB915D00CBF133 /* PBXTargetDependency */,
			);
			name = EssentialFeedCacheIntegrationTests;
			productName = EssentialFeedCacheIntegrationTests;
			productReference = 354262752AFB915D00CBF133 /* EssentialFeedCacheIntegrationTests.xctest */;
			productType = "com.apple.product-type.bundle.unit-test";
		};
		356906C42AFC76C200145049 /* EssentialFeediOS */ = {
			isa = PBXNativeTarget;
			buildConfigurationList = 356906D42AFC76C200145049 /* Build configuration list for PBXNativeTarget "EssentialFeediOS" */;
			buildPhases = (
				356906C02AFC76C200145049 /* Headers */,
				356906C12AFC76C200145049 /* Sources */,
				356906C22AFC76C200145049 /* Frameworks */,
				356906C32AFC76C200145049 /* Resources */,
			);
			buildRules = (
			);
			dependencies = (
				352C73E62AFF2FB1002F526C /* PBXTargetDependency */,
			);
			name = EssentialFeediOS;
			productName = EssentialFeediOS;
			productReference = 356906C52AFC76C200145049 /* EssentialFeediOS.framework */;
			productType = "com.apple.product-type.framework";
		};
		356906CB2AFC76C200145049 /* EssentialFeediOSTests */ = {
			isa = PBXNativeTarget;
			buildConfigurationList = 356906D72AFC76C200145049 /* Build configuration list for PBXNativeTarget "EssentialFeediOSTests" */;
			buildPhases = (
				356906C82AFC76C200145049 /* Sources */,
				356906C92AFC76C200145049 /* Frameworks */,
				356906CA2AFC76C200145049 /* Resources */,
			);
			buildRules = (
			);
			dependencies = (
				356906CF2AFC76C200145049 /* PBXTargetDependency */,
			);
			name = EssentialFeediOSTests;
			productName = EssentialFeediOSTests;
			productReference = 356906CC2AFC76C200145049 /* EssentialFeediOSTests.xctest */;
			productType = "com.apple.product-type.bundle.unit-test";
		};
		3584C0EE2AF77EE9000F4A4E /* EssentialFeedAPIEndToEndTests */ = {
			isa = PBXNativeTarget;
			buildConfigurationList = 3584C0F62AF77EE9000F4A4E /* Build configuration list for PBXNativeTarget "EssentialFeedAPIEndToEndTests" */;
			buildPhases = (
				3584C0EB2AF77EE9000F4A4E /* Sources */,
				3584C0EC2AF77EE9000F4A4E /* Frameworks */,
				3584C0ED2AF77EE9000F4A4E /* Resources */,
			);
			buildRules = (
			);
			dependencies = (
				3584C0F52AF77EE9000F4A4E /* PBXTargetDependency */,
			);
			name = EssentialFeedAPIEndToEndTests;
			productName = EssentialFeedAPIEndToEndTests;
			productReference = 3584C0EF2AF77EE9000F4A4E /* EssentialFeedAPIEndToEndTests.xctest */;
			productType = "com.apple.product-type.bundle.unit-test";
		};
		35A182DE2AF626A8007073A1 /* EssentialFeed */ = {
			isa = PBXNativeTarget;
			buildConfigurationList = 35A182F12AF626A8007073A1 /* Build configuration list for PBXNativeTarget "EssentialFeed" */;
			buildPhases = (
				35A182DA2AF626A8007073A1 /* Headers */,
				35A182DB2AF626A8007073A1 /* Sources */,
				35A182DC2AF626A8007073A1 /* Frameworks */,
				35A182DD2AF626A8007073A1 /* Resources */,
			);
			buildRules = (
			);
			dependencies = (
			);
			name = EssentialFeed;
			productName = EssentialFeed;
			productReference = 35A182DF2AF626A8007073A1 /* EssentialFeed.framework */;
			productType = "com.apple.product-type.framework";
		};
		35A182E62AF626A8007073A1 /* EssentialFeedTests */ = {
			isa = PBXNativeTarget;
			buildConfigurationList = 35A182F42AF626A8007073A1 /* Build configuration list for PBXNativeTarget "EssentialFeedTests" */;
			buildPhases = (
				35A182E32AF626A8007073A1 /* Sources */,
				35A182E42AF626A8007073A1 /* Frameworks */,
				35A182E52AF626A8007073A1 /* Resources */,
			);
			buildRules = (
			);
			dependencies = (
				35A182EA2AF626A8007073A1 /* PBXTargetDependency */,
			);
			name = EssentialFeedTests;
			productName = EssentialFeedTests;
			productReference = 35A182E72AF626A8007073A1 /* EssentialFeedTests.xctest */;
			productType = "com.apple.product-type.bundle.unit-test";
		};
/* End PBXNativeTarget section */

/* Begin PBXProject section */
		35A182D62AF626A8007073A1 /* Project object */ = {
			isa = PBXProject;
			attributes = {
				BuildIndependentTargetsInParallel = 1;
				LastSwiftUpdateCheck = 1500;
				LastUpgradeCheck = 1500;
				TargetAttributes = {
					354262742AFB915D00CBF133 = {
						CreatedOnToolsVersion = 15.0;
					};
					356906C42AFC76C200145049 = {
						CreatedOnToolsVersion = 15.0;
						LastSwiftMigration = 1500;
					};
					356906CB2AFC76C200145049 = {
						CreatedOnToolsVersion = 15.0;
						LastSwiftMigration = 1500;
					};
					3584C0EE2AF77EE9000F4A4E = {
						CreatedOnToolsVersion = 15.0;
					};
					35A182DE2AF626A8007073A1 = {
						CreatedOnToolsVersion = 15.0;
						LastSwiftMigration = 1500;
					};
					35A182E62AF626A8007073A1 = {
						CreatedOnToolsVersion = 15.0;
					};
				};
			};
			buildConfigurationList = 35A182D92AF626A8007073A1 /* Build configuration list for PBXProject "EssentialFeed" */;
			compatibilityVersion = "Xcode 14.0";
			developmentRegion = en;
			hasScannedForEncodings = 0;
			knownRegions = (
				en,
				Base,
				"pt-BR",
				el,
			);
			mainGroup = 35A182D52AF626A8007073A1;
			productRefGroup = 35A182E02AF626A8007073A1 /* Products */;
			projectDirPath = "";
			projectRoot = "";
			targets = (
				35A182DE2AF626A8007073A1 /* EssentialFeed */,
				35A182E62AF626A8007073A1 /* EssentialFeedTests */,
				3584C0EE2AF77EE9000F4A4E /* EssentialFeedAPIEndToEndTests */,
				354262742AFB915D00CBF133 /* EssentialFeedCacheIntegrationTests */,
				356906C42AFC76C200145049 /* EssentialFeediOS */,
				356906CB2AFC76C200145049 /* EssentialFeediOSTests */,
			);
		};
/* End PBXProject section */

/* Begin PBXResourcesBuildPhase section */
		354262732AFB915D00CBF133 /* Resources */ = {
			isa = PBXResourcesBuildPhase;
			buildActionMask = 2147483647;
			files = (
			);
			runOnlyForDeploymentPostprocessing = 0;
		};
		356906C32AFC76C200145049 /* Resources */ = {
			isa = PBXResourcesBuildPhase;
			buildActionMask = 2147483647;
			files = (
				35B62C262B01CF02003F7A36 /* Feed.xcstrings in Resources */,
				35B62C1A2B00C112003F7A36 /* Feed.storyboard in Resources */,
				35B62C1C2B00C1A2003F7A36 /* Feed.xcassets in Resources */,
			);
			runOnlyForDeploymentPostprocessing = 0;
		};
		356906CA2AFC76C200145049 /* Resources */ = {
			isa = PBXResourcesBuildPhase;
			buildActionMask = 2147483647;
			files = (
				35CCF3F02B085575001853E7 /* snapshots in Resources */,
			);
			runOnlyForDeploymentPostprocessing = 0;
		};
		3584C0ED2AF77EE9000F4A4E /* Resources */ = {
			isa = PBXResourcesBuildPhase;
			buildActionMask = 2147483647;
			files = (
			);
			runOnlyForDeploymentPostprocessing = 0;
		};
		35A182DD2AF626A8007073A1 /* Resources */ = {
			isa = PBXResourcesBuildPhase;
			buildActionMask = 2147483647;
			files = (
				3530D3FA2B0CD5F50075C716 /* Shared.xcstrings in Resources */,
				35B62C432B023EAA003F7A36 /* Feed.xcstrings in Resources */,
				353039642B0DDF9F00DBC107 /* ImageComments.xcstrings in Resources */,
			);
			runOnlyForDeploymentPostprocessing = 0;
		};
		35A182E52AF626A8007073A1 /* Resources */ = {
			isa = PBXResourcesBuildPhase;
			buildActionMask = 2147483647;
			files = (
			);
			runOnlyForDeploymentPostprocessing = 0;
		};
/* End PBXResourcesBuildPhase section */

/* Begin PBXSourcesBuildPhase section */
		354262712AFB915D00CBF133 /* Sources */ = {
			isa = PBXSourcesBuildPhase;
			buildActionMask = 2147483647;
			files = (
				356906BC2AFB98BA00145049 /* SharedTestHelpers.swift in Sources */,
				354262782AFB915D00CBF133 /* EssentialFeedCacheIntegrationTests.swift in Sources */,
				356906BB2AFB986F00145049 /* FeedCacheTestHelpers.swift in Sources */,
				356906BA2AFB95C500145049 /* XCTestCase+MemoryLeakTracking.swift in Sources */,
			);
			runOnlyForDeploymentPostprocessing = 0;
		};
		356906C12AFC76C200145049 /* Sources */ = {
			isa = PBXSourcesBuildPhase;
			buildActionMask = 2147483647;
			files = (
				35CCF3F62B085929001853E7 /* UITableView+HeaderSizing.swift in Sources */,
				352C73CF2AFCEFAD002F526C /* UIView+Shimmering.swift in Sources */,
				352C73D12AFCEFAD002F526C /* ListViewController.swift in Sources */,
				35B62C212B019D99003F7A36 /* UITableView+Dequeueing.swift in Sources */,
				351EEE0F2B045A1300439D66 /* ErrorView.swift in Sources */,
				352C73D02AFCEFAD002F526C /* FeedImageCell.swift in Sources */,
				352C73DC2AFDD538002F526C /* FeedImageCellController.swift in Sources */,
				35B62C232B01A01B003F7A36 /* UIImageView+Animations.swift in Sources */,
				351EEE112B045AC900439D66 /* UIRefreshControler+Helpers.swift in Sources */,
			);
			runOnlyForDeploymentPostprocessing = 0;
		};
		356906C82AFC76C200145049 /* Sources */ = {
			isa = PBXSourcesBuildPhase;
			buildActionMask = 2147483647;
			files = (
				35CCF3E72B074275001853E7 /* FeedSnapshotTests.swift in Sources */,
				35CCF3F22B085839001853E7 /* UIImageTestHelpers.swift in Sources */,
				35CCF3EC2B0852C3001853E7 /* UIViewController+Snapshot.swift in Sources */,
				35CCF3EE2B085301001853E7 /* XCTestCase+Snapshot.swift in Sources */,
				352C73D42AFCEFE4002F526C /* XCTestCase+MemoryLeakTracking.swift in Sources */,
			);
			runOnlyForDeploymentPostprocessing = 0;
		};
		3584C0EB2AF77EE9000F4A4E /* Sources */ = {
			isa = PBXSourcesBuildPhase;
			buildActionMask = 2147483647;
			files = (
				356906BE2AFBA08B00145049 /* SharedTestHelpers.swift in Sources */,
				3584C0F22AF77EE9000F4A4E /* EssentialFeedAPIEndToEndTests.swift in Sources */,
				356906BD2AFBA03000145049 /* FeedCacheTestHelpers.swift in Sources */,
				3584C0F92AF7808E000F4A4E /* XCTestCase+MemoryLeakTracking.swift in Sources */,
			);
			runOnlyForDeploymentPostprocessing = 0;
		};
		35A182DB2AF626A8007073A1 /* Sources */ = {
			isa = PBXSourcesBuildPhase;
			buildActionMask = 2147483647;
			files = (
				3584C1232AF8E9A4000F4A4E /* FeedStore.swift in Sources */,
				351EEE052B038A2200439D66 /* FeedViewModel.swift in Sources */,
				35B0D9ED2B0B61B6008B40D5 /* ImageCommentsMapper.swift in Sources */,
				354262672AFB126500CBF133 /* CoreDataFeedStore.swift in Sources */,
				351EEE042B038A2200439D66 /* FeedImagePresenter.swift in Sources */,
				3584C0E12AF70581000F4A4E /* FeedItemsMapper.swift in Sources */,
				3542626E2AFB8EE700CBF133 /* ManagedCache.swift in Sources */,
				353097822B06E61E001382FD /* FeedCache.swift in Sources */,
				351EEE082B038A2200439D66 /* ResourceLoadingViewModel.swift in Sources */,
				354262502AF9CA4600CBF133 /* FeedCachePolicy.swift in Sources */,
				35A182FA2AF62799007073A1 /* FeedLoader.swift in Sources */,
				3584C0DF2AF70521000F4A4E /* HTTPClient.swift in Sources */,
				355BBB6F2B0F3B1400EE1737 /* ImageCommentViewModel.swift in Sources */,
				3542626A2AFB131400CBF133 /* FeedStore.xcdatamodeld in Sources */,
				358DF7342B05E63800E7ECA8 /* LocalFeedImageDataLoader.swift in Sources */,
				35B3F1D82B049ED300EE2BC0 /* RemoteFeedImageDataLoader.swift in Sources */,
				358DF73D2B06159400E7ECA8 /* CoreDataFeedStore+FeedStore.swift in Sources */,
				35B0D9EF2B0B6524008B40D5 /* ImageComment.swift in Sources */,
				3584C1212AF8E96D000F4A4E /* LocalFeedImage.swift in Sources */,
				351EEE072B038A2200439D66 /* FeedImageViewModel.swift in Sources */,
				35B62C412B023E19003F7A36 /* FeedPresenter.swift in Sources */,
				3584C11F2AF8DAE9000F4A4E /* LocalFeedLoader.swift in Sources */,
				358DF73A2B06153800E7ECA8 /* CoreDataHelpers.swift in Sources */,
				3530D3F82B0CB9BD0075C716 /* LoadResourcePresenter.swift in Sources */,
				354262702AFB8EFA00CBF133 /* ManagedFeedImage.swift in Sources */,
				35CCF3E52B0727DA001853E7 /* FeedImageDataCache.swift in Sources */,
				3530395C2B0D7EC900DBC107 /* ResourceErrorView.swift in Sources */,
				351EEE122B045B1D00439D66 /* ResourceErrorViewModel.swift in Sources */,
				358DF7362B05E65700E7ECA8 /* FeedImageDataStore.swift in Sources */,
				3530395A2B0D7E2500DBC107 /* ResourceLoadingView.swift in Sources */,
				358DF7322B05DB8800E7ECA8 /* FeedImageDataLoader.swift in Sources */,
				353039622B0DDEFC00DBC107 /* ImageCommentsPresenter.swift in Sources */,
				35B3F1D62B049E0F00EE2BC0 /* URLHTTPResponse+Helper.swift in Sources */,
				358DF7402B0615D000E7ECA8 /* CoreDataFeedStore+FeedImageDataLoader.swift in Sources */,
				35A182F82AF6274F007073A1 /* FeedImage.swift in Sources */,
				3584C0FF2AF781CB000F4A4E /* URLSessionHTTPClient.swift in Sources */,
			);
			runOnlyForDeploymentPostprocessing = 0;
		};
		35A182E32AF626A8007073A1 /* Sources */ = {
			isa = PBXSourcesBuildPhase;
			buildActionMask = 2147483647;
			files = (
				3542625C2AFA554400CBF133 /* XCTestCase+FeedStoreSpecs.swift in Sources */,
				3542624A2AF9B8FA00CBF133 /* ValidateFeedCacheUseCaseTests.swift in Sources */,
				351EEE0B2B04579100439D66 /* FeedLocalizationTests.swift in Sources */,
				35B62C3E2B022CF5003F7A36 /* FeedPresenterTests.swift in Sources */,
				351EEE032B03886000439D66 /* FeedImagePresenterTests.swift in Sources */,
				3530395F2B0DDE9300DBC107 /* ImageCommentsPresenterTests.swift in Sources */,
				354262652AFB123500CBF133 /* CoreDataFeedStoreTests.swift in Sources */,
				3542625E2AFA57D200CBF133 /* XCTestCase+FailableRetrieveFeedStoreSpecs.swift in Sources */,
				3584C1282AF9087B000F4A4E /* FeedStoreSpy.swift in Sources */,
				358DF7382B05E73500E7ECA8 /* FeedImageDataStoreSpy.swift in Sources */,
				358DF7302B05D8B400E7ECA8 /* LoadFeedImageDataFromCacheUseCaseTests.swift in Sources */,
				35A182FD2AF62899007073A1 /* FeedItemsMapperTests.swift in Sources */,
				35B0D9E92B0B5FB4008B40D5 /* ImageCommentsMapperTests.swift in Sources */,
				3530D3F52B0CB8E50075C716 /* LoadResourcePresenterTests.swift in Sources */,
				3584C0E42AF74655000F4A4E /* URLSessionHTTPClientTests.swift in Sources */,
				35B3F1D32B048F6E00EE2BC0 /* LoadFeedImageDataFromRemoteUseCaseTests.swift in Sources */,
				353039582B0D790F00DBC107 /* SharedLocalizationTestHelpers.swift in Sources */,
				3542624E2AF9BA9300CBF133 /* FeedCacheTestHelpers.swift in Sources */,
				3542624C2AF9BA6F00CBF133 /* SharedTestHelpers.swift in Sources */,
				3584C11C2AF8B0EC000F4A4E /* CacheFeedUseCaseTests.swift in Sources */,
				3584C1252AF907DD000F4A4E /* LoadFeedFromCacheUseCaseTests.swift in Sources */,
				354262622AFA59AE00CBF133 /* XCTestCase+FailableDeleteFeedStoreSpecs.swift in Sources */,
				3542625A2AFA54EC00CBF133 /* FeedStoreSpecs.swift in Sources */,
				353039562B0D78F900DBC107 /* SharedLocalizationTests.swift in Sources */,
				354262602AFA593500CBF133 /* XCTestCase+FailableInsertFeedStoreSpecs.swift in Sources */,
				3584C0E72AF77B5E000F4A4E /* XCTestCase+MemoryLeakTracking.swift in Sources */,
				35B3F1DA2B04A18500EE2BC0 /* URLProtocolStub.swift in Sources */,
			);
			runOnlyForDeploymentPostprocessing = 0;
		};
/* End PBXSourcesBuildPhase section */

/* Begin PBXTargetDependency section */
		352C73E62AFF2FB1002F526C /* PBXTargetDependency */ = {
			isa = PBXTargetDependency;
			target = 35A182DE2AF626A8007073A1 /* EssentialFeed */;
			targetProxy = 352C73E52AFF2FB1002F526C /* PBXContainerItemProxy */;
		};
		3542627B2AFB915D00CBF133 /* PBXTargetDependency */ = {
			isa = PBXTargetDependency;
			target = 35A182DE2AF626A8007073A1 /* EssentialFeed */;
			targetProxy = 3542627A2AFB915D00CBF133 /* PBXContainerItemProxy */;
		};
		356906CF2AFC76C200145049 /* PBXTargetDependency */ = {
			isa = PBXTargetDependency;
			target = 356906C42AFC76C200145049 /* EssentialFeediOS */;
			targetProxy = 356906CE2AFC76C200145049 /* PBXContainerItemProxy */;
		};
		3584C0F52AF77EE9000F4A4E /* PBXTargetDependency */ = {
			isa = PBXTargetDependency;
			target = 35A182DE2AF626A8007073A1 /* EssentialFeed */;
			targetProxy = 3584C0F42AF77EE9000F4A4E /* PBXContainerItemProxy */;
		};
		35A182EA2AF626A8007073A1 /* PBXTargetDependency */ = {
			isa = PBXTargetDependency;
			target = 35A182DE2AF626A8007073A1 /* EssentialFeed */;
			targetProxy = 35A182E92AF626A8007073A1 /* PBXContainerItemProxy */;
		};
/* End PBXTargetDependency section */

/* Begin XCBuildConfiguration section */
		3542627D2AFB915D00CBF133 /* Debug */ = {
			isa = XCBuildConfiguration;
			buildSettings = {
				CODE_SIGN_STYLE = Automatic;
				CURRENT_PROJECT_VERSION = 1;
				DEVELOPMENT_TEAM = 99AUV9Q5LC;
				GENERATE_INFOPLIST_FILE = YES;
				IPHONEOS_DEPLOYMENT_TARGET = 15.0;
				MARKETING_VERSION = 1.0;
				PRODUCT_BUNDLE_IDENTIFIER = com.essentiallearning.krisjulio.EssentialFeedCacheIntegrationTests;
				PRODUCT_NAME = "$(TARGET_NAME)";
				SDKROOT = macosx;
				SUPPORTED_PLATFORMS = "macosx iphonesimulator iphoneos";
				SWIFT_EMIT_LOC_STRINGS = NO;
				SWIFT_VERSION = 5.0;
			};
			name = Debug;
		};
		3542627E2AFB915D00CBF133 /* Release */ = {
			isa = XCBuildConfiguration;
			buildSettings = {
				CODE_SIGN_STYLE = Automatic;
				CURRENT_PROJECT_VERSION = 1;
				DEVELOPMENT_TEAM = 99AUV9Q5LC;
				GENERATE_INFOPLIST_FILE = YES;
				IPHONEOS_DEPLOYMENT_TARGET = 15.0;
				MARKETING_VERSION = 1.0;
				PRODUCT_BUNDLE_IDENTIFIER = com.essentiallearning.krisjulio.EssentialFeedCacheIntegrationTests;
				PRODUCT_NAME = "$(TARGET_NAME)";
				SDKROOT = macosx;
				SUPPORTED_PLATFORMS = "macosx iphonesimulator iphoneos";
				SWIFT_EMIT_LOC_STRINGS = NO;
				SWIFT_VERSION = 5.0;
			};
			name = Release;
		};
		356906D52AFC76C200145049 /* Debug */ = {
			isa = XCBuildConfiguration;
			buildSettings = {
				CLANG_ENABLE_MODULES = YES;
				CODE_SIGN_STYLE = Automatic;
				CURRENT_PROJECT_VERSION = 1;
				DEFINES_MODULE = YES;
				DEVELOPMENT_TEAM = 99AUV9Q5LC;
				DYLIB_COMPATIBILITY_VERSION = 1;
				DYLIB_CURRENT_VERSION = 1;
				DYLIB_INSTALL_NAME_BASE = "@rpath";
				ENABLE_MODULE_VERIFIER = YES;
				GENERATE_INFOPLIST_FILE = YES;
				INFOPLIST_KEY_NSHumanReadableCopyright = "";
				INSTALL_PATH = "$(LOCAL_LIBRARY_DIR)/Frameworks";
				IPHONEOS_DEPLOYMENT_TARGET = 15.0;
				LD_RUNPATH_SEARCH_PATHS = (
					"$(inherited)",
					"@executable_path/Frameworks",
					"@loader_path/Frameworks",
				);
				MARKETING_VERSION = 1.0;
				MODULE_VERIFIER_SUPPORTED_LANGUAGES = "objective-c objective-c++";
				MODULE_VERIFIER_SUPPORTED_LANGUAGE_STANDARDS = "gnu17 gnu++20";
				PRODUCT_BUNDLE_IDENTIFIER = com.essentiallearning.krisjulio.EssentialFeediOS;
				PRODUCT_NAME = "$(TARGET_NAME:c99extidentifier)";
				SDKROOT = iphoneos;
				SKIP_INSTALL = YES;
				SWIFT_EMIT_LOC_STRINGS = YES;
				SWIFT_OPTIMIZATION_LEVEL = "-Onone";
				SWIFT_VERSION = 5.0;
				TARGETED_DEVICE_FAMILY = "1,2";
			};
			name = Debug;
		};
		356906D62AFC76C200145049 /* Release */ = {
			isa = XCBuildConfiguration;
			buildSettings = {
				CLANG_ENABLE_MODULES = YES;
				CODE_SIGN_STYLE = Automatic;
				CURRENT_PROJECT_VERSION = 1;
				DEFINES_MODULE = YES;
				DEVELOPMENT_TEAM = 99AUV9Q5LC;
				DYLIB_COMPATIBILITY_VERSION = 1;
				DYLIB_CURRENT_VERSION = 1;
				DYLIB_INSTALL_NAME_BASE = "@rpath";
				ENABLE_MODULE_VERIFIER = YES;
				GENERATE_INFOPLIST_FILE = YES;
				INFOPLIST_KEY_NSHumanReadableCopyright = "";
				INSTALL_PATH = "$(LOCAL_LIBRARY_DIR)/Frameworks";
				IPHONEOS_DEPLOYMENT_TARGET = 15.0;
				LD_RUNPATH_SEARCH_PATHS = (
					"$(inherited)",
					"@executable_path/Frameworks",
					"@loader_path/Frameworks",
				);
				MARKETING_VERSION = 1.0;
				MODULE_VERIFIER_SUPPORTED_LANGUAGES = "objective-c objective-c++";
				MODULE_VERIFIER_SUPPORTED_LANGUAGE_STANDARDS = "gnu17 gnu++20";
				PRODUCT_BUNDLE_IDENTIFIER = com.essentiallearning.krisjulio.EssentialFeediOS;
				PRODUCT_NAME = "$(TARGET_NAME:c99extidentifier)";
				SDKROOT = iphoneos;
				SKIP_INSTALL = YES;
				SWIFT_EMIT_LOC_STRINGS = YES;
				SWIFT_VERSION = 5.0;
				TARGETED_DEVICE_FAMILY = "1,2";
				VALIDATE_PRODUCT = YES;
			};
			name = Release;
		};
		356906D82AFC76C200145049 /* Debug */ = {
			isa = XCBuildConfiguration;
			buildSettings = {
				ALWAYS_EMBED_SWIFT_STANDARD_LIBRARIES = YES;
				CLANG_ENABLE_MODULES = YES;
				CODE_SIGN_STYLE = Automatic;
				CURRENT_PROJECT_VERSION = 1;
				DEVELOPMENT_TEAM = 99AUV9Q5LC;
				GENERATE_INFOPLIST_FILE = YES;
				IPHONEOS_DEPLOYMENT_TARGET = 15.0;
				MARKETING_VERSION = 1.0;
				PRODUCT_BUNDLE_IDENTIFIER = com.essentiallearning.krisjulio.EssentialFeediOSTests;
				PRODUCT_NAME = "$(TARGET_NAME)";
				SDKROOT = iphoneos;
				SWIFT_EMIT_LOC_STRINGS = NO;
				SWIFT_OPTIMIZATION_LEVEL = "-Onone";
				SWIFT_VERSION = 5.0;
				TARGETED_DEVICE_FAMILY = "1,2";
			};
			name = Debug;
		};
		356906D92AFC76C200145049 /* Release */ = {
			isa = XCBuildConfiguration;
			buildSettings = {
				ALWAYS_EMBED_SWIFT_STANDARD_LIBRARIES = YES;
				CLANG_ENABLE_MODULES = YES;
				CODE_SIGN_STYLE = Automatic;
				CURRENT_PROJECT_VERSION = 1;
				DEVELOPMENT_TEAM = 99AUV9Q5LC;
				GENERATE_INFOPLIST_FILE = YES;
				IPHONEOS_DEPLOYMENT_TARGET = 15.0;
				MARKETING_VERSION = 1.0;
				PRODUCT_BUNDLE_IDENTIFIER = com.essentiallearning.krisjulio.EssentialFeediOSTests;
				PRODUCT_NAME = "$(TARGET_NAME)";
				SDKROOT = iphoneos;
				SWIFT_EMIT_LOC_STRINGS = NO;
				SWIFT_VERSION = 5.0;
				TARGETED_DEVICE_FAMILY = "1,2";
				VALIDATE_PRODUCT = YES;
			};
			name = Release;
		};
		3584C0F72AF77EE9000F4A4E /* Debug */ = {
			isa = XCBuildConfiguration;
			buildSettings = {
				CODE_SIGN_STYLE = Automatic;
				CURRENT_PROJECT_VERSION = 1;
				DEVELOPMENT_TEAM = 99AUV9Q5LC;
				GENERATE_INFOPLIST_FILE = YES;
				IPHONEOS_DEPLOYMENT_TARGET = 15.0;
				MARKETING_VERSION = 1.0;
				PRODUCT_BUNDLE_IDENTIFIER = com.essentiallearning.krisjulio.EssentialFeedAPIEndToEndTests;
				PRODUCT_NAME = "$(TARGET_NAME)";
				SUPPORTED_PLATFORMS = "macosx iphonesimulator iphoneos";
				SWIFT_EMIT_LOC_STRINGS = NO;
				SWIFT_VERSION = 5.0;
			};
			name = Debug;
		};
		3584C0F82AF77EE9000F4A4E /* Release */ = {
			isa = XCBuildConfiguration;
			buildSettings = {
				CODE_SIGN_STYLE = Automatic;
				CURRENT_PROJECT_VERSION = 1;
				DEVELOPMENT_TEAM = 99AUV9Q5LC;
				GENERATE_INFOPLIST_FILE = YES;
				IPHONEOS_DEPLOYMENT_TARGET = 15.0;
				MARKETING_VERSION = 1.0;
				PRODUCT_BUNDLE_IDENTIFIER = com.essentiallearning.krisjulio.EssentialFeedAPIEndToEndTests;
				PRODUCT_NAME = "$(TARGET_NAME)";
				SUPPORTED_PLATFORMS = "macosx iphonesimulator iphoneos";
				SWIFT_EMIT_LOC_STRINGS = NO;
				SWIFT_VERSION = 5.0;
			};
			name = Release;
		};
		35A182EF2AF626A8007073A1 /* Debug */ = {
			isa = XCBuildConfiguration;
			buildSettings = {
				ALWAYS_SEARCH_USER_PATHS = NO;
				ASSETCATALOG_COMPILER_GENERATE_SWIFT_ASSET_SYMBOL_EXTENSIONS = YES;
				CLANG_ANALYZER_NONNULL = YES;
				CLANG_ANALYZER_NUMBER_OBJECT_CONVERSION = YES_AGGRESSIVE;
				CLANG_CXX_LANGUAGE_STANDARD = "gnu++20";
				CLANG_ENABLE_MODULES = YES;
				CLANG_ENABLE_OBJC_ARC = YES;
				CLANG_ENABLE_OBJC_WEAK = YES;
				CLANG_WARN_BLOCK_CAPTURE_AUTORELEASING = YES;
				CLANG_WARN_BOOL_CONVERSION = YES;
				CLANG_WARN_COMMA = YES;
				CLANG_WARN_CONSTANT_CONVERSION = YES;
				CLANG_WARN_DEPRECATED_OBJC_IMPLEMENTATIONS = YES;
				CLANG_WARN_DIRECT_OBJC_ISA_USAGE = YES_ERROR;
				CLANG_WARN_DOCUMENTATION_COMMENTS = YES;
				CLANG_WARN_EMPTY_BODY = YES;
				CLANG_WARN_ENUM_CONVERSION = YES;
				CLANG_WARN_INFINITE_RECURSION = YES;
				CLANG_WARN_INT_CONVERSION = YES;
				CLANG_WARN_NON_LITERAL_NULL_CONVERSION = YES;
				CLANG_WARN_OBJC_IMPLICIT_RETAIN_SELF = YES;
				CLANG_WARN_OBJC_LITERAL_CONVERSION = YES;
				CLANG_WARN_OBJC_ROOT_CLASS = YES_ERROR;
				CLANG_WARN_QUOTED_INCLUDE_IN_FRAMEWORK_HEADER = YES;
				CLANG_WARN_RANGE_LOOP_ANALYSIS = YES;
				CLANG_WARN_STRICT_PROTOTYPES = YES;
				CLANG_WARN_SUSPICIOUS_MOVE = YES;
				CLANG_WARN_UNGUARDED_AVAILABILITY = YES_AGGRESSIVE;
				CLANG_WARN_UNREACHABLE_CODE = YES;
				CLANG_WARN__DUPLICATE_METHOD_MATCH = YES;
				COPY_PHASE_STRIP = NO;
				CURRENT_PROJECT_VERSION = 1;
				DEBUG_INFORMATION_FORMAT = dwarf;
				ENABLE_STRICT_OBJC_MSGSEND = YES;
				ENABLE_TESTABILITY = YES;
				ENABLE_USER_SCRIPT_SANDBOXING = YES;
				GCC_C_LANGUAGE_STANDARD = gnu17;
				GCC_DYNAMIC_NO_PIC = NO;
				GCC_NO_COMMON_BLOCKS = YES;
				GCC_OPTIMIZATION_LEVEL = 0;
				GCC_PREPROCESSOR_DEFINITIONS = (
					"DEBUG=1",
					"$(inherited)",
				);
				GCC_WARN_64_TO_32_BIT_CONVERSION = YES;
				GCC_WARN_ABOUT_RETURN_TYPE = YES_ERROR;
				GCC_WARN_UNDECLARED_SELECTOR = YES;
				GCC_WARN_UNINITIALIZED_AUTOS = YES_AGGRESSIVE;
				GCC_WARN_UNUSED_FUNCTION = YES;
				GCC_WARN_UNUSED_VARIABLE = YES;
				LOCALIZATION_PREFERS_STRING_CATALOGS = YES;
				MACOSX_DEPLOYMENT_TARGET = 13.5;
				MTL_ENABLE_DEBUG_INFO = INCLUDE_SOURCE;
				MTL_FAST_MATH = YES;
				ONLY_ACTIVE_ARCH = YES;
				SDKROOT = macosx;
				SWIFT_ACTIVE_COMPILATION_CONDITIONS = "DEBUG $(inherited)";
				SWIFT_OPTIMIZATION_LEVEL = "-Onone";
				VERSIONING_SYSTEM = "apple-generic";
				VERSION_INFO_PREFIX = "";
			};
			name = Debug;
		};
		35A182F02AF626A8007073A1 /* Release */ = {
			isa = XCBuildConfiguration;
			buildSettings = {
				ALWAYS_SEARCH_USER_PATHS = NO;
				ASSETCATALOG_COMPILER_GENERATE_SWIFT_ASSET_SYMBOL_EXTENSIONS = YES;
				CLANG_ANALYZER_NONNULL = YES;
				CLANG_ANALYZER_NUMBER_OBJECT_CONVERSION = YES_AGGRESSIVE;
				CLANG_CXX_LANGUAGE_STANDARD = "gnu++20";
				CLANG_ENABLE_MODULES = YES;
				CLANG_ENABLE_OBJC_ARC = YES;
				CLANG_ENABLE_OBJC_WEAK = YES;
				CLANG_WARN_BLOCK_CAPTURE_AUTORELEASING = YES;
				CLANG_WARN_BOOL_CONVERSION = YES;
				CLANG_WARN_COMMA = YES;
				CLANG_WARN_CONSTANT_CONVERSION = YES;
				CLANG_WARN_DEPRECATED_OBJC_IMPLEMENTATIONS = YES;
				CLANG_WARN_DIRECT_OBJC_ISA_USAGE = YES_ERROR;
				CLANG_WARN_DOCUMENTATION_COMMENTS = YES;
				CLANG_WARN_EMPTY_BODY = YES;
				CLANG_WARN_ENUM_CONVERSION = YES;
				CLANG_WARN_INFINITE_RECURSION = YES;
				CLANG_WARN_INT_CONVERSION = YES;
				CLANG_WARN_NON_LITERAL_NULL_CONVERSION = YES;
				CLANG_WARN_OBJC_IMPLICIT_RETAIN_SELF = YES;
				CLANG_WARN_OBJC_LITERAL_CONVERSION = YES;
				CLANG_WARN_OBJC_ROOT_CLASS = YES_ERROR;
				CLANG_WARN_QUOTED_INCLUDE_IN_FRAMEWORK_HEADER = YES;
				CLANG_WARN_RANGE_LOOP_ANALYSIS = YES;
				CLANG_WARN_STRICT_PROTOTYPES = YES;
				CLANG_WARN_SUSPICIOUS_MOVE = YES;
				CLANG_WARN_UNGUARDED_AVAILABILITY = YES_AGGRESSIVE;
				CLANG_WARN_UNREACHABLE_CODE = YES;
				CLANG_WARN__DUPLICATE_METHOD_MATCH = YES;
				COPY_PHASE_STRIP = NO;
				CURRENT_PROJECT_VERSION = 1;
				DEBUG_INFORMATION_FORMAT = "dwarf-with-dsym";
				ENABLE_NS_ASSERTIONS = NO;
				ENABLE_STRICT_OBJC_MSGSEND = YES;
				ENABLE_USER_SCRIPT_SANDBOXING = YES;
				GCC_C_LANGUAGE_STANDARD = gnu17;
				GCC_NO_COMMON_BLOCKS = YES;
				GCC_WARN_64_TO_32_BIT_CONVERSION = YES;
				GCC_WARN_ABOUT_RETURN_TYPE = YES_ERROR;
				GCC_WARN_UNDECLARED_SELECTOR = YES;
				GCC_WARN_UNINITIALIZED_AUTOS = YES_AGGRESSIVE;
				GCC_WARN_UNUSED_FUNCTION = YES;
				GCC_WARN_UNUSED_VARIABLE = YES;
				LOCALIZATION_PREFERS_STRING_CATALOGS = YES;
				MACOSX_DEPLOYMENT_TARGET = 13.5;
				MTL_ENABLE_DEBUG_INFO = NO;
				MTL_FAST_MATH = YES;
				SDKROOT = macosx;
				SWIFT_COMPILATION_MODE = wholemodule;
				VERSIONING_SYSTEM = "apple-generic";
				VERSION_INFO_PREFIX = "";
			};
			name = Release;
		};
		35A182F22AF626A8007073A1 /* Debug */ = {
			isa = XCBuildConfiguration;
			buildSettings = {
				CLANG_ENABLE_MODULES = YES;
				CODE_SIGN_STYLE = Automatic;
				COMBINE_HIDPI_IMAGES = YES;
				CURRENT_PROJECT_VERSION = 1;
				DEFINES_MODULE = YES;
				DEVELOPMENT_TEAM = 99AUV9Q5LC;
				DYLIB_COMPATIBILITY_VERSION = 1;
				DYLIB_CURRENT_VERSION = 1;
				DYLIB_INSTALL_NAME_BASE = "@rpath";
				ENABLE_MODULE_VERIFIER = YES;
				GENERATE_INFOPLIST_FILE = YES;
				INFOPLIST_KEY_NSHumanReadableCopyright = "";
				INSTALL_PATH = "$(LOCAL_LIBRARY_DIR)/Frameworks";
				IPHONEOS_DEPLOYMENT_TARGET = 15.0;
				LD_RUNPATH_SEARCH_PATHS = (
					"$(inherited)",
					"@executable_path/../Frameworks",
					"@loader_path/Frameworks",
				);
				MACOSX_DEPLOYMENT_TARGET = 13.4;
				MARKETING_VERSION = 1.0;
				MODULE_VERIFIER_SUPPORTED_LANGUAGES = "objective-c objective-c++";
				MODULE_VERIFIER_SUPPORTED_LANGUAGE_STANDARDS = "gnu17 gnu++20";
				PRODUCT_BUNDLE_IDENTIFIER = com.essentiallearning.krisjulio.EssentialFeed;
				PRODUCT_NAME = "$(TARGET_NAME:c99extidentifier)";
				SKIP_INSTALL = YES;
				SUPPORTED_PLATFORMS = "macosx iphonesimulator iphoneos";
				SWIFT_EMIT_LOC_STRINGS = YES;
				SWIFT_OPTIMIZATION_LEVEL = "-Onone";
				SWIFT_VERSION = 5.0;
			};
			name = Debug;
		};
		35A182F32AF626A8007073A1 /* Release */ = {
			isa = XCBuildConfiguration;
			buildSettings = {
				CLANG_ENABLE_MODULES = YES;
				CODE_SIGN_STYLE = Automatic;
				COMBINE_HIDPI_IMAGES = YES;
				CURRENT_PROJECT_VERSION = 1;
				DEFINES_MODULE = YES;
				DEVELOPMENT_TEAM = 99AUV9Q5LC;
				DYLIB_COMPATIBILITY_VERSION = 1;
				DYLIB_CURRENT_VERSION = 1;
				DYLIB_INSTALL_NAME_BASE = "@rpath";
				ENABLE_MODULE_VERIFIER = YES;
				GENERATE_INFOPLIST_FILE = YES;
				INFOPLIST_KEY_NSHumanReadableCopyright = "";
				INSTALL_PATH = "$(LOCAL_LIBRARY_DIR)/Frameworks";
				IPHONEOS_DEPLOYMENT_TARGET = 15.0;
				LD_RUNPATH_SEARCH_PATHS = (
					"$(inherited)",
					"@executable_path/../Frameworks",
					"@loader_path/Frameworks",
				);
				MACOSX_DEPLOYMENT_TARGET = 13.4;
				MARKETING_VERSION = 1.0;
				MODULE_VERIFIER_SUPPORTED_LANGUAGES = "objective-c objective-c++";
				MODULE_VERIFIER_SUPPORTED_LANGUAGE_STANDARDS = "gnu17 gnu++20";
				PRODUCT_BUNDLE_IDENTIFIER = com.essentiallearning.krisjulio.EssentialFeed;
				PRODUCT_NAME = "$(TARGET_NAME:c99extidentifier)";
				SKIP_INSTALL = YES;
				SUPPORTED_PLATFORMS = "macosx iphonesimulator iphoneos";
				SWIFT_EMIT_LOC_STRINGS = YES;
				SWIFT_VERSION = 5.0;
			};
			name = Release;
		};
		35A182F52AF626A8007073A1 /* Debug */ = {
			isa = XCBuildConfiguration;
			buildSettings = {
				ALWAYS_EMBED_SWIFT_STANDARD_LIBRARIES = YES;
				CODE_SIGN_STYLE = Automatic;
				CURRENT_PROJECT_VERSION = 1;
				DEVELOPMENT_TEAM = 99AUV9Q5LC;
				GENERATE_INFOPLIST_FILE = YES;
				IPHONEOS_DEPLOYMENT_TARGET = 15.0;
				MARKETING_VERSION = 1.0;
				PRODUCT_BUNDLE_IDENTIFIER = com.essentiallearning.krisjulio.EssentialFeedTests;
				PRODUCT_NAME = "$(TARGET_NAME)";
				SUPPORTED_PLATFORMS = "macosx iphonesimulator iphoneos";
				SWIFT_EMIT_LOC_STRINGS = NO;
				SWIFT_VERSION = 5.0;
			};
			name = Debug;
		};
		35A182F62AF626A8007073A1 /* Release */ = {
			isa = XCBuildConfiguration;
			buildSettings = {
				ALWAYS_EMBED_SWIFT_STANDARD_LIBRARIES = YES;
				CODE_SIGN_STYLE = Automatic;
				CURRENT_PROJECT_VERSION = 1;
				DEVELOPMENT_TEAM = 99AUV9Q5LC;
				GENERATE_INFOPLIST_FILE = YES;
				IPHONEOS_DEPLOYMENT_TARGET = 15.0;
				MARKETING_VERSION = 1.0;
				PRODUCT_BUNDLE_IDENTIFIER = com.essentiallearning.krisjulio.EssentialFeedTests;
				PRODUCT_NAME = "$(TARGET_NAME)";
				SUPPORTED_PLATFORMS = "macosx iphonesimulator iphoneos";
				SWIFT_EMIT_LOC_STRINGS = NO;
				SWIFT_VERSION = 5.0;
			};
			name = Release;
		};
/* End XCBuildConfiguration section */

/* Begin XCConfigurationList section */
		3542627C2AFB915D00CBF133 /* Build configuration list for PBXNativeTarget "EssentialFeedCacheIntegrationTests" */ = {
			isa = XCConfigurationList;
			buildConfigurations = (
				3542627D2AFB915D00CBF133 /* Debug */,
				3542627E2AFB915D00CBF133 /* Release */,
			);
			defaultConfigurationIsVisible = 0;
			defaultConfigurationName = Release;
		};
		356906D42AFC76C200145049 /* Build configuration list for PBXNativeTarget "EssentialFeediOS" */ = {
			isa = XCConfigurationList;
			buildConfigurations = (
				356906D52AFC76C200145049 /* Debug */,
				356906D62AFC76C200145049 /* Release */,
			);
			defaultConfigurationIsVisible = 0;
			defaultConfigurationName = Release;
		};
		356906D72AFC76C200145049 /* Build configuration list for PBXNativeTarget "EssentialFeediOSTests" */ = {
			isa = XCConfigurationList;
			buildConfigurations = (
				356906D82AFC76C200145049 /* Debug */,
				356906D92AFC76C200145049 /* Release */,
			);
			defaultConfigurationIsVisible = 0;
			defaultConfigurationName = Release;
		};
		3584C0F62AF77EE9000F4A4E /* Build configuration list for PBXNativeTarget "EssentialFeedAPIEndToEndTests" */ = {
			isa = XCConfigurationList;
			buildConfigurations = (
				3584C0F72AF77EE9000F4A4E /* Debug */,
				3584C0F82AF77EE9000F4A4E /* Release */,
			);
			defaultConfigurationIsVisible = 0;
			defaultConfigurationName = Release;
		};
		35A182D92AF626A8007073A1 /* Build configuration list for PBXProject "EssentialFeed" */ = {
			isa = XCConfigurationList;
			buildConfigurations = (
				35A182EF2AF626A8007073A1 /* Debug */,
				35A182F02AF626A8007073A1 /* Release */,
			);
			defaultConfigurationIsVisible = 0;
			defaultConfigurationName = Release;
		};
		35A182F12AF626A8007073A1 /* Build configuration list for PBXNativeTarget "EssentialFeed" */ = {
			isa = XCConfigurationList;
			buildConfigurations = (
				35A182F22AF626A8007073A1 /* Debug */,
				35A182F32AF626A8007073A1 /* Release */,
			);
			defaultConfigurationIsVisible = 0;
			defaultConfigurationName = Release;
		};
		35A182F42AF626A8007073A1 /* Build configuration list for PBXNativeTarget "EssentialFeedTests" */ = {
			isa = XCConfigurationList;
			buildConfigurations = (
				35A182F52AF626A8007073A1 /* Debug */,
				35A182F62AF626A8007073A1 /* Release */,
			);
			defaultConfigurationIsVisible = 0;
			defaultConfigurationName = Release;
		};
/* End XCConfigurationList section */

/* Begin XCVersionGroup section */
		354262682AFB131400CBF133 /* FeedStore.xcdatamodeld */ = {
			isa = XCVersionGroup;
			children = (
				359A5EF52B04B5990052ED0C /* FeedStore 2.xcdatamodel */,
				354262692AFB131400CBF133 /* FeedStore.xcdatamodel */,
			);
			currentVersion = 359A5EF52B04B5990052ED0C /* FeedStore 2.xcdatamodel */;
			path = FeedStore.xcdatamodeld;
			sourceTree = "<group>";
			versionGroupType = wrapper.xcdatamodel;
		};
/* End XCVersionGroup section */
	};
	rootObject = 35A182D62AF626A8007073A1 /* Project object */;
}
