// !$*UTF8*$!
{
	archiveVersion = 1;
	classes = {
	};
	objectVersion = 56;
	objects = {

/* Begin PBXBuildFile section */
		353097842B06EB15001382FD /* DebuggingSceneDelegate.swift in Sources */ = {isa = PBXBuildFile; fileRef = 353097832B06EB15001382FD /* DebuggingSceneDelegate.swift */; };
		357B85A22B06415C00B79966 /* FeedLoaderCacheDecoratorTests.swift in Sources */ = {isa = PBXBuildFile; fileRef = 357B85A12B06415C00B79966 /* FeedLoaderCacheDecoratorTests.swift */; };
		357B85A52B0642BB00B79966 /* SharedHelpers.swift in Sources */ = {isa = PBXBuildFile; fileRef = 357B85A42B0642BB00B79966 /* SharedHelpers.swift */; };
		357B85A72B06489800B79966 /* FeedLoaderCacheDecorator.swift in Sources */ = {isa = PBXBuildFile; fileRef = 357B85A62B06489800B79966 /* FeedLoaderCacheDecorator.swift */; };
		357B85AF2B06D35200B79966 /* EssentialAppUIAcceptanceTests.swift in Sources */ = {isa = PBXBuildFile; fileRef = 357B85AE2B06D35200B79966 /* EssentialAppUIAcceptanceTests.swift */; };
		359A5EF72B04D2C80052ED0C /* FeedLoaderWithFallbackCompositeTests.swift in Sources */ = {isa = PBXBuildFile; fileRef = 359A5EF62B04D2C80052ED0C /* FeedLoaderWithFallbackCompositeTests.swift */; };
		359A5EF92B04E72E0052ED0C /* XCTest+Helpers.swift in Sources */ = {isa = PBXBuildFile; fileRef = 359A5EF82B04E72E0052ED0C /* XCTest+Helpers.swift */; };
		359A5EFC2B04EA040052ED0C /* FeedLoaderWithLocalFallbackComposite.swift in Sources */ = {isa = PBXBuildFile; fileRef = 359A5EFB2B04EA040052ED0C /* FeedLoaderWithLocalFallbackComposite.swift */; };
		359A5EFE2B04EAA50052ED0C /* FeedImageDataLoaderWithFallbackCompositeTests.swift in Sources */ = {isa = PBXBuildFile; fileRef = 359A5EFD2B04EAA50052ED0C /* FeedImageDataLoaderWithFallbackCompositeTests.swift */; };
		359A5F012B04EDED0052ED0C /* SharedItemsHelper.swift in Sources */ = {isa = PBXBuildFile; fileRef = 359A5F002B04EDED0052ED0C /* SharedItemsHelper.swift */; };
		359A5F032B04F6190052ED0C /* FeedImageDataLoaderWithFallbackComposite.swift in Sources */ = {isa = PBXBuildFile; fileRef = 359A5F022B04F6190052ED0C /* FeedImageDataLoaderWithFallbackComposite.swift */; };
		35B3F19B2B04897D00EE2BC0 /* AppDelegate.swift in Sources */ = {isa = PBXBuildFile; fileRef = 35B3F19A2B04897D00EE2BC0 /* AppDelegate.swift */; };
		35B3F19D2B04897D00EE2BC0 /* SceneDelegate.swift in Sources */ = {isa = PBXBuildFile; fileRef = 35B3F19C2B04897D00EE2BC0 /* SceneDelegate.swift */; };
		35B3F19F2B04897D00EE2BC0 /* ViewController.swift in Sources */ = {isa = PBXBuildFile; fileRef = 35B3F19E2B04897D00EE2BC0 /* ViewController.swift */; };
		35B3F1A22B04897D00EE2BC0 /* Main.storyboard in Resources */ = {isa = PBXBuildFile; fileRef = 35B3F1A02B04897D00EE2BC0 /* Main.storyboard */; };
		35B3F1A42B04897E00EE2BC0 /* Assets.xcassets in Resources */ = {isa = PBXBuildFile; fileRef = 35B3F1A32B04897E00EE2BC0 /* Assets.xcassets */; };
		35B3F1A72B04897E00EE2BC0 /* LaunchScreen.storyboard in Resources */ = {isa = PBXBuildFile; fileRef = 35B3F1A52B04897E00EE2BC0 /* LaunchScreen.storyboard */; };
		35B3F1CD2B0489EE00EE2BC0 /* EssentialFeed.framework in Frameworks */ = {isa = PBXBuildFile; fileRef = 35B3F1CB2B0489EE00EE2BC0 /* EssentialFeed.framework */; };
		35B3F1CE2B0489EE00EE2BC0 /* EssentialFeed.framework in Embed Frameworks */ = {isa = PBXBuildFile; fileRef = 35B3F1CB2B0489EE00EE2BC0 /* EssentialFeed.framework */; settings = {ATTRIBUTES = (CodeSignOnCopy, RemoveHeadersOnCopy, ); }; };
		35B3F1CF2B0489EE00EE2BC0 /* EssentialFeediOS.framework in Frameworks */ = {isa = PBXBuildFile; fileRef = 35B3F1CC2B0489EE00EE2BC0 /* EssentialFeediOS.framework */; };
		35B3F1D02B0489EE00EE2BC0 /* EssentialFeediOS.framework in Embed Frameworks */ = {isa = PBXBuildFile; fileRef = 35B3F1CC2B0489EE00EE2BC0 /* EssentialFeediOS.framework */; settings = {ATTRIBUTES = (CodeSignOnCopy, RemoveHeadersOnCopy, ); }; };
/* End PBXBuildFile section */

/* Begin PBXContainerItemProxy section */
		357B85B22B06D35200B79966 /* PBXContainerItemProxy */ = {
			isa = PBXContainerItemProxy;
			containerPortal = 35B3F18F2B04897D00EE2BC0 /* Project object */;
			proxyType = 1;
			remoteGlobalIDString = 35B3F1962B04897D00EE2BC0;
			remoteInfo = EssentialApp;
		};
		35B3F1AE2B04897E00EE2BC0 /* PBXContainerItemProxy */ = {
			isa = PBXContainerItemProxy;
			containerPortal = 35B3F18F2B04897D00EE2BC0 /* Project object */;
			proxyType = 1;
			remoteGlobalIDString = 35B3F1962B04897D00EE2BC0;
			remoteInfo = EssentialApp;
		};
/* End PBXContainerItemProxy section */

/* Begin PBXCopyFilesBuildPhase section */
		35B3F1D12B0489EE00EE2BC0 /* Embed Frameworks */ = {
			isa = PBXCopyFilesBuildPhase;
			buildActionMask = 2147483647;
			dstPath = "";
			dstSubfolderSpec = 10;
			files = (
				35B3F1CE2B0489EE00EE2BC0 /* EssentialFeed.framework in Embed Frameworks */,
				35B3F1D02B0489EE00EE2BC0 /* EssentialFeediOS.framework in Embed Frameworks */,
			);
			name = "Embed Frameworks";
			runOnlyForDeploymentPostprocessing = 0;
		};
/* End PBXCopyFilesBuildPhase section */

/* Begin PBXFileReference section */
		353097832B06EB15001382FD /* DebuggingSceneDelegate.swift */ = {isa = PBXFileReference; lastKnownFileType = sourcecode.swift; path = DebuggingSceneDelegate.swift; sourceTree = "<group>"; };
		357B85A12B06415C00B79966 /* FeedLoaderCacheDecoratorTests.swift */ = {isa = PBXFileReference; lastKnownFileType = sourcecode.swift; path = FeedLoaderCacheDecoratorTests.swift; sourceTree = "<group>"; };
		357B85A42B0642BB00B79966 /* SharedHelpers.swift */ = {isa = PBXFileReference; lastKnownFileType = sourcecode.swift; path = SharedHelpers.swift; sourceTree = "<group>"; };
		357B85A62B06489800B79966 /* FeedLoaderCacheDecorator.swift */ = {isa = PBXFileReference; lastKnownFileType = sourcecode.swift; path = FeedLoaderCacheDecorator.swift; sourceTree = "<group>"; };
		357B85AC2B06D35200B79966 /* EssentialAppUIAcceptanceTests.xctest */ = {isa = PBXFileReference; explicitFileType = wrapper.cfbundle; includeInIndex = 0; path = EssentialAppUIAcceptanceTests.xctest; sourceTree = BUILT_PRODUCTS_DIR; };
		357B85AE2B06D35200B79966 /* EssentialAppUIAcceptanceTests.swift */ = {isa = PBXFileReference; lastKnownFileType = sourcecode.swift; path = EssentialAppUIAcceptanceTests.swift; sourceTree = "<group>"; };
		359A5EF62B04D2C80052ED0C /* FeedLoaderWithFallbackCompositeTests.swift */ = {isa = PBXFileReference; lastKnownFileType = sourcecode.swift; path = FeedLoaderWithFallbackCompositeTests.swift; sourceTree = "<group>"; };
		359A5EF82B04E72E0052ED0C /* XCTest+Helpers.swift */ = {isa = PBXFileReference; lastKnownFileType = sourcecode.swift; path = "XCTest+Helpers.swift"; sourceTree = "<group>"; };
		359A5EFB2B04EA040052ED0C /* FeedLoaderWithLocalFallbackComposite.swift */ = {isa = PBXFileReference; lastKnownFileType = sourcecode.swift; path = FeedLoaderWithLocalFallbackComposite.swift; sourceTree = "<group>"; };
		359A5EFD2B04EAA50052ED0C /* FeedImageDataLoaderWithFallbackCompositeTests.swift */ = {isa = PBXFileReference; lastKnownFileType = sourcecode.swift; path = FeedImageDataLoaderWithFallbackCompositeTests.swift; sourceTree = "<group>"; };
		359A5F002B04EDED0052ED0C /* SharedItemsHelper.swift */ = {isa = PBXFileReference; lastKnownFileType = sourcecode.swift; path = SharedItemsHelper.swift; sourceTree = "<group>"; };
		359A5F022B04F6190052ED0C /* FeedImageDataLoaderWithFallbackComposite.swift */ = {isa = PBXFileReference; lastKnownFileType = sourcecode.swift; path = FeedImageDataLoaderWithFallbackComposite.swift; sourceTree = "<group>"; };
		35B3F1972B04897D00EE2BC0 /* EssentialApp.app */ = {isa = PBXFileReference; explicitFileType = wrapper.application; includeInIndex = 0; path = EssentialApp.app; sourceTree = BUILT_PRODUCTS_DIR; };
		35B3F19A2B04897D00EE2BC0 /* AppDelegate.swift */ = {isa = PBXFileReference; lastKnownFileType = sourcecode.swift; path = AppDelegate.swift; sourceTree = "<group>"; };
		35B3F19C2B04897D00EE2BC0 /* SceneDelegate.swift */ = {isa = PBXFileReference; lastKnownFileType = sourcecode.swift; path = SceneDelegate.swift; sourceTree = "<group>"; };
		35B3F19E2B04897D00EE2BC0 /* ViewController.swift */ = {isa = PBXFileReference; lastKnownFileType = sourcecode.swift; path = ViewController.swift; sourceTree = "<group>"; };
		35B3F1A12B04897D00EE2BC0 /* Base */ = {isa = PBXFileReference; lastKnownFileType = file.storyboard; name = Base; path = Base.lproj/Main.storyboard; sourceTree = "<group>"; };
		35B3F1A32B04897E00EE2BC0 /* Assets.xcassets */ = {isa = PBXFileReference; lastKnownFileType = folder.assetcatalog; path = Assets.xcassets; sourceTree = "<group>"; };
		35B3F1A62B04897E00EE2BC0 /* Base */ = {isa = PBXFileReference; lastKnownFileType = file.storyboard; name = Base; path = Base.lproj/LaunchScreen.storyboard; sourceTree = "<group>"; };
		35B3F1A82B04897E00EE2BC0 /* Info.plist */ = {isa = PBXFileReference; lastKnownFileType = text.plist.xml; path = Info.plist; sourceTree = "<group>"; };
		35B3F1AD2B04897E00EE2BC0 /* EssentialAppTests.xctest */ = {isa = PBXFileReference; explicitFileType = wrapper.cfbundle; includeInIndex = 0; path = EssentialAppTests.xctest; sourceTree = BUILT_PRODUCTS_DIR; };
		35B3F1CB2B0489EE00EE2BC0 /* EssentialFeed.framework */ = {isa = PBXFileReference; explicitFileType = wrapper.framework; path = EssentialFeed.framework; sourceTree = BUILT_PRODUCTS_DIR; };
		35B3F1CC2B0489EE00EE2BC0 /* EssentialFeediOS.framework */ = {isa = PBXFileReference; explicitFileType = wrapper.framework; path = EssentialFeediOS.framework; sourceTree = BUILT_PRODUCTS_DIR; };
/* End PBXFileReference section */

/* Begin PBXFrameworksBuildPhase section */
		357B85A92B06D35200B79966 /* Frameworks */ = {
			isa = PBXFrameworksBuildPhase;
			buildActionMask = 2147483647;
			files = (
			);
			runOnlyForDeploymentPostprocessing = 0;
		};
		35B3F1942B04897D00EE2BC0 /* Frameworks */ = {
			isa = PBXFrameworksBuildPhase;
			buildActionMask = 2147483647;
			files = (
				35B3F1CD2B0489EE00EE2BC0 /* EssentialFeed.framework in Frameworks */,
				35B3F1CF2B0489EE00EE2BC0 /* EssentialFeediOS.framework in Frameworks */,
			);
			runOnlyForDeploymentPostprocessing = 0;
		};
		35B3F1AA2B04897E00EE2BC0 /* Frameworks */ = {
			isa = PBXFrameworksBuildPhase;
			buildActionMask = 2147483647;
			files = (
			);
			runOnlyForDeploymentPostprocessing = 0;
		};
/* End PBXFrameworksBuildPhase section */

/* Begin PBXGroup section */
		357B85A32B0642AC00B79966 /* Helpers */ = {
			isa = PBXGroup;
			children = (
				357B85A42B0642BB00B79966 /* SharedHelpers.swift */,
			);
			path = Helpers;
			sourceTree = "<group>";
		};
		357B85AD2B06D35200B79966 /* EssentialAppUIAcceptanceTests */ = {
			isa = PBXGroup;
			children = (
				357B85AE2B06D35200B79966 /* EssentialAppUIAcceptanceTests.swift */,
			);
			path = EssentialAppUIAcceptanceTests;
			sourceTree = "<group>";
		};
		359A5EFA2B04E9FF0052ED0C /* Composition */ = {
			isa = PBXGroup;
			children = (
				359A5EFB2B04EA040052ED0C /* FeedLoaderWithLocalFallbackComposite.swift */,
				359A5F022B04F6190052ED0C /* FeedImageDataLoaderWithFallbackComposite.swift */,
			);
			path = Composition;
			sourceTree = "<group>";
		};
		35B3F18E2B04897D00EE2BC0 = {
			isa = PBXGroup;
			children = (
				35B3F1992B04897D00EE2BC0 /* EssentialApp */,
				35B3F1B02B04897E00EE2BC0 /* EssentialAppTests */,
				35B3F1BA2B04897E00EE2BC0 /* EssentialAppUITests */,
				357B85AD2B06D35200B79966 /* EssentialAppUIAcceptanceTests */,
				35B3F1982B04897D00EE2BC0 /* Products */,
				35B3F1CA2B0489EE00EE2BC0 /* Frameworks */,
			);
			sourceTree = "<group>";
		};
		35B3F1982B04897D00EE2BC0 /* Products */ = {
			isa = PBXGroup;
			children = (
				35B3F1972B04897D00EE2BC0 /* EssentialApp.app */,
				35B3F1AD2B04897E00EE2BC0 /* EssentialAppTests.xctest */,
				357B85AC2B06D35200B79966 /* EssentialAppUIAcceptanceTests.xctest */,
			);
			name = Products;
			sourceTree = "<group>";
		};
		35B3F1992B04897D00EE2BC0 /* EssentialApp */ = {
			isa = PBXGroup;
			children = (
				359A5EFA2B04E9FF0052ED0C /* Composition */,
				35B3F19A2B04897D00EE2BC0 /* AppDelegate.swift */,
				353097832B06EB15001382FD /* DebuggingSceneDelegate.swift */,
				35B3F19C2B04897D00EE2BC0 /* SceneDelegate.swift */,
				35B3F19E2B04897D00EE2BC0 /* ViewController.swift */,
				35B3F1A02B04897D00EE2BC0 /* Main.storyboard */,
				35B3F1A32B04897E00EE2BC0 /* Assets.xcassets */,
				35B3F1A52B04897E00EE2BC0 /* LaunchScreen.storyboard */,
				35B3F1A82B04897E00EE2BC0 /* Info.plist */,
				357B85A62B06489800B79966 /* FeedLoaderCacheDecorator.swift */,
			);
			path = EssentialApp;
			sourceTree = "<group>";
		};
		35B3F1B02B04897E00EE2BC0 /* EssentialAppTests */ = {
			isa = PBXGroup;
			children = (
				357B85A32B0642AC00B79966 /* Helpers */,
				359A5EF62B04D2C80052ED0C /* FeedLoaderWithFallbackCompositeTests.swift */,
				359A5EFD2B04EAA50052ED0C /* FeedImageDataLoaderWithFallbackCompositeTests.swift */,
				359A5EF82B04E72E0052ED0C /* XCTest+Helpers.swift */,
				359A5F002B04EDED0052ED0C /* SharedItemsHelper.swift */,
				357B85A12B06415C00B79966 /* FeedLoaderCacheDecoratorTests.swift */,
			);
			path = EssentialAppTests;
			sourceTree = "<group>";
		};
		35B3F1BA2B04897E00EE2BC0 /* EssentialAppUITests */ = {
			isa = PBXGroup;
			children = (
			);
			path = EssentialAppUITests;
			sourceTree = "<group>";
		};
		35B3F1CA2B0489EE00EE2BC0 /* Frameworks */ = {
			isa = PBXGroup;
			children = (
				35B3F1CB2B0489EE00EE2BC0 /* EssentialFeed.framework */,
				35B3F1CC2B0489EE00EE2BC0 /* EssentialFeediOS.framework */,
			);
			name = Frameworks;
			sourceTree = "<group>";
		};
/* End PBXGroup section */

/* Begin PBXNativeTarget section */
		357B85AB2B06D35200B79966 /* EssentialAppUIAcceptanceTests */ = {
			isa = PBXNativeTarget;
			buildConfigurationList = 357B85B42B06D35200B79966 /* Build configuration list for PBXNativeTarget "EssentialAppUIAcceptanceTests" */;
			buildPhases = (
				357B85A82B06D35200B79966 /* Sources */,
				357B85A92B06D35200B79966 /* Frameworks */,
				357B85AA2B06D35200B79966 /* Resources */,
			);
			buildRules = (
			);
			dependencies = (
				357B85B32B06D35200B79966 /* PBXTargetDependency */,
			);
			name = EssentialAppUIAcceptanceTests;
			productName = EssentialAppUIAcceptanceTests;
			productReference = 357B85AC2B06D35200B79966 /* EssentialAppUIAcceptanceTests.xctest */;
			productType = "com.apple.product-type.bundle.ui-testing";
		};
		35B3F1962B04897D00EE2BC0 /* EssentialApp */ = {
			isa = PBXNativeTarget;
			buildConfigurationList = 35B3F1C12B04897E00EE2BC0 /* Build configuration list for PBXNativeTarget "EssentialApp" */;
			buildPhases = (
				35B3F1932B04897D00EE2BC0 /* Sources */,
				35B3F1942B04897D00EE2BC0 /* Frameworks */,
				35B3F1952B04897D00EE2BC0 /* Resources */,
				35B3F1D12B0489EE00EE2BC0 /* Embed Frameworks */,
			);
			buildRules = (
			);
			dependencies = (
			);
			name = EssentialApp;
			productName = EssentialApp;
			productReference = 35B3F1972B04897D00EE2BC0 /* EssentialApp.app */;
			productType = "com.apple.product-type.application";
		};
		35B3F1AC2B04897E00EE2BC0 /* EssentialAppTests */ = {
			isa = PBXNativeTarget;
			buildConfigurationList = 35B3F1C42B04897E00EE2BC0 /* Build configuration list for PBXNativeTarget "EssentialAppTests" */;
			buildPhases = (
				35B3F1A92B04897E00EE2BC0 /* Sources */,
				35B3F1AA2B04897E00EE2BC0 /* Frameworks */,
				35B3F1AB2B04897E00EE2BC0 /* Resources */,
			);
			buildRules = (
			);
			dependencies = (
				35B3F1AF2B04897E00EE2BC0 /* PBXTargetDependency */,
			);
			name = EssentialAppTests;
			productName = EssentialAppTests;
			productReference = 35B3F1AD2B04897E00EE2BC0 /* EssentialAppTests.xctest */;
			productType = "com.apple.product-type.bundle.unit-test";
		};
/* End PBXNativeTarget section */

/* Begin PBXProject section */
		35B3F18F2B04897D00EE2BC0 /* Project object */ = {
			isa = PBXProject;
			attributes = {
				BuildIndependentTargetsInParallel = 1;
				LastSwiftUpdateCheck = 1500;
				LastUpgradeCheck = 1500;
				TargetAttributes = {
					357B85AB2B06D35200B79966 = {
						CreatedOnToolsVersion = 15.0;
						TestTargetID = 35B3F1962B04897D00EE2BC0;
					};
					35B3F1962B04897D00EE2BC0 = {
						CreatedOnToolsVersion = 15.0;
					};
					35B3F1AC2B04897E00EE2BC0 = {
						CreatedOnToolsVersion = 15.0;
						TestTargetID = 35B3F1962B04897D00EE2BC0;
					};
				};
			};
			buildConfigurationList = 35B3F1922B04897D00EE2BC0 /* Build configuration list for PBXProject "EssentialApp" */;
			compatibilityVersion = "Xcode 14.0";
			developmentRegion = en;
			hasScannedForEncodings = 0;
			knownRegions = (
				en,
				Base,
			);
			mainGroup = 35B3F18E2B04897D00EE2BC0;
			productRefGroup = 35B3F1982B04897D00EE2BC0 /* Products */;
			projectDirPath = "";
			projectRoot = "";
			targets = (
				35B3F1962B04897D00EE2BC0 /* EssentialApp */,
				35B3F1AC2B04897E00EE2BC0 /* EssentialAppTests */,
				357B85AB2B06D35200B79966 /* EssentialAppUIAcceptanceTests */,
			);
		};
/* End PBXProject section */

/* Begin PBXResourcesBuildPhase section */
		357B85AA2B06D35200B79966 /* Resources */ = {
			isa = PBXResourcesBuildPhase;
			buildActionMask = 2147483647;
			files = (
			);
			runOnlyForDeploymentPostprocessing = 0;
		};
		35B3F1952B04897D00EE2BC0 /* Resources */ = {
			isa = PBXResourcesBuildPhase;
			buildActionMask = 2147483647;
			files = (
				35B3F1A72B04897E00EE2BC0 /* LaunchScreen.storyboard in Resources */,
				35B3F1A42B04897E00EE2BC0 /* Assets.xcassets in Resources */,
				35B3F1A22B04897D00EE2BC0 /* Main.storyboard in Resources */,
			);
			runOnlyForDeploymentPostprocessing = 0;
		};
		35B3F1AB2B04897E00EE2BC0 /* Resources */ = {
			isa = PBXResourcesBuildPhase;
			buildActionMask = 2147483647;
			files = (
			);
			runOnlyForDeploymentPostprocessing = 0;
		};
/* End PBXResourcesBuildPhase section */

/* Begin PBXSourcesBuildPhase section */
		357B85A82B06D35200B79966 /* Sources */ = {
			isa = PBXSourcesBuildPhase;
			buildActionMask = 2147483647;
			files = (
				357B85AF2B06D35200B79966 /* EssentialAppUIAcceptanceTests.swift in Sources */,
			);
			runOnlyForDeploymentPostprocessing = 0;
		};
		35B3F1932B04897D00EE2BC0 /* Sources */ = {
			isa = PBXSourcesBuildPhase;
			buildActionMask = 2147483647;
			files = (
				359A5EFC2B04EA040052ED0C /* FeedLoaderWithLocalFallbackComposite.swift in Sources */,
				359A5F032B04F6190052ED0C /* FeedImageDataLoaderWithFallbackComposite.swift in Sources */,
				35B3F19F2B04897D00EE2BC0 /* ViewController.swift in Sources */,
				357B85A72B06489800B79966 /* FeedLoaderCacheDecorator.swift in Sources */,
				35B3F19B2B04897D00EE2BC0 /* AppDelegate.swift in Sources */,
				353097842B06EB15001382FD /* DebuggingSceneDelegate.swift in Sources */,
				35B3F19D2B04897D00EE2BC0 /* SceneDelegate.swift in Sources */,
			);
			runOnlyForDeploymentPostprocessing = 0;
		};
		35B3F1A92B04897E00EE2BC0 /* Sources */ = {
			isa = PBXSourcesBuildPhase;
			buildActionMask = 2147483647;
			files = (
				359A5EF92B04E72E0052ED0C /* XCTest+Helpers.swift in Sources */,
				357B85A22B06415C00B79966 /* FeedLoaderCacheDecoratorTests.swift in Sources */,
				357B85A52B0642BB00B79966 /* SharedHelpers.swift in Sources */,
				359A5EFE2B04EAA50052ED0C /* FeedImageDataLoaderWithFallbackCompositeTests.swift in Sources */,
				359A5EF72B04D2C80052ED0C /* FeedLoaderWithFallbackCompositeTests.swift in Sources */,
				359A5F012B04EDED0052ED0C /* SharedItemsHelper.swift in Sources */,
			);
			runOnlyForDeploymentPostprocessing = 0;
		};
/* End PBXSourcesBuildPhase section */

/* Begin PBXTargetDependency section */
		357B85B32B06D35200B79966 /* PBXTargetDependency */ = {
			isa = PBXTargetDependency;
			target = 35B3F1962B04897D00EE2BC0 /* EssentialApp */;
			targetProxy = 357B85B22B06D35200B79966 /* PBXContainerItemProxy */;
		};
		35B3F1AF2B04897E00EE2BC0 /* PBXTargetDependency */ = {
			isa = PBXTargetDependency;
			target = 35B3F1962B04897D00EE2BC0 /* EssentialApp */;
			targetProxy = 35B3F1AE2B04897E00EE2BC0 /* PBXContainerItemProxy */;
		};
/* End PBXTargetDependency section */

/* Begin PBXVariantGroup section */
		35B3F1A02B04897D00EE2BC0 /* Main.storyboard */ = {
			isa = PBXVariantGroup;
			children = (
				35B3F1A12B04897D00EE2BC0 /* Base */,
			);
			name = Main.storyboard;
			sourceTree = "<group>";
		};
		35B3F1A52B04897E00EE2BC0 /* LaunchScreen.storyboard */ = {
			isa = PBXVariantGroup;
			children = (
				35B3F1A62B04897E00EE2BC0 /* Base */,
			);
			name = LaunchScreen.storyboard;
			sourceTree = "<group>";
		};
/* End PBXVariantGroup section */

/* Begin XCBuildConfiguration section */
		357B85B52B06D35200B79966 /* Debug */ = {
			isa = XCBuildConfiguration;
			buildSettings = {
				CODE_SIGN_STYLE = Automatic;
				CURRENT_PROJECT_VERSION = 1;
				DEVELOPMENT_TEAM = 99AUV9Q5LC;
				GENERATE_INFOPLIST_FILE = YES;
				MARKETING_VERSION = 1.0;
				PRODUCT_BUNDLE_IDENTIFIER = com.essentiallearning.krisjulio.EssentialAppUIAcceptanceTests;
				PRODUCT_NAME = "$(TARGET_NAME)";
				SWIFT_EMIT_LOC_STRINGS = NO;
				SWIFT_VERSION = 5.0;
				TARGETED_DEVICE_FAMILY = "1,2";
				TEST_TARGET_NAME = EssentialApp;
			};
			name = Debug;
		};
		357B85B62B06D35200B79966 /* Release */ = {
			isa = XCBuildConfiguration;
			buildSettings = {
				CODE_SIGN_STYLE = Automatic;
				CURRENT_PROJECT_VERSION = 1;
				DEVELOPMENT_TEAM = 99AUV9Q5LC;
				GENERATE_INFOPLIST_FILE = YES;
				MARKETING_VERSION = 1.0;
				PRODUCT_BUNDLE_IDENTIFIER = com.essentiallearning.krisjulio.EssentialAppUIAcceptanceTests;
				PRODUCT_NAME = "$(TARGET_NAME)";
				SWIFT_EMIT_LOC_STRINGS = NO;
				SWIFT_VERSION = 5.0;
				TARGETED_DEVICE_FAMILY = "1,2";
				TEST_TARGET_NAME = EssentialApp;
			};
			name = Release;
		};
		35B3F1BF2B04897E00EE2BC0 /* Debug */ = {
			isa = XCBuildConfiguration;
			buildSettings = {
				ALWAYS_SEARCH_USER_PATHS = NO;
				ASSETCATALOG_COMPILER_GENERATE_SWIFT_ASSET_SYMBOL_EXTENSIONS = YES;
				CLANG_ANALYZER_NONNULL = YES;
				CLANG_ANALYZER_NUMBER_OBJECT_CONVERSION = YES_AGGRESSIVE;
				CLANG_CXX_LANGUAGE_STANDARD = "gnu++20";
				CLANG_ENABLE_MODULES = YES;
				CLANG_ENABLE_OBJC_ARC = YES;
				CLANG_ENABLE_OBJC_WEAK = YES;
				CLANG_WARN_BLOCK_CAPTURE_AUTORELEASING = YES;
				CLANG_WARN_BOOL_CONVERSION = YES;
				CLANG_WARN_COMMA = YES;
				CLANG_WARN_CONSTANT_CONVERSION = YES;
				CLANG_WARN_DEPRECATED_OBJC_IMPLEMENTATIONS = YES;
				CLANG_WARN_DIRECT_OBJC_ISA_USAGE = YES_ERROR;
				CLANG_WARN_DOCUMENTATION_COMMENTS = YES;
				CLANG_WARN_EMPTY_BODY = YES;
				CLANG_WARN_ENUM_CONVERSION = YES;
				CLANG_WARN_INFINITE_RECURSION = YES;
				CLANG_WARN_INT_CONVERSION = YES;
				CLANG_WARN_NON_LITERAL_NULL_CONVERSION = YES;
				CLANG_WARN_OBJC_IMPLICIT_RETAIN_SELF = YES;
				CLANG_WARN_OBJC_LITERAL_CONVERSION = YES;
				CLANG_WARN_OBJC_ROOT_CLASS = YES_ERROR;
				CLANG_WARN_QUOTED_INCLUDE_IN_FRAMEWORK_HEADER = YES;
				CLANG_WARN_RANGE_LOOP_ANALYSIS = YES;
				CLANG_WARN_STRICT_PROTOTYPES = YES;
				CLANG_WARN_SUSPICIOUS_MOVE = YES;
				CLANG_WARN_UNGUARDED_AVAILABILITY = YES_AGGRESSIVE;
				CLANG_WARN_UNREACHABLE_CODE = YES;
				CLANG_WARN__DUPLICATE_METHOD_MATCH = YES;
				COPY_PHASE_STRIP = NO;
				DEBUG_INFORMATION_FORMAT = dwarf;
				ENABLE_STRICT_OBJC_MSGSEND = YES;
				ENABLE_TESTABILITY = YES;
				ENABLE_USER_SCRIPT_SANDBOXING = YES;
				GCC_C_LANGUAGE_STANDARD = gnu17;
				GCC_DYNAMIC_NO_PIC = NO;
				GCC_NO_COMMON_BLOCKS = YES;
				GCC_OPTIMIZATION_LEVEL = 0;
				GCC_PREPROCESSOR_DEFINITIONS = (
					"DEBUG=1",
					"$(inherited)",
				);
				GCC_WARN_64_TO_32_BIT_CONVERSION = YES;
				GCC_WARN_ABOUT_RETURN_TYPE = YES_ERROR;
				GCC_WARN_UNDECLARED_SELECTOR = YES;
				GCC_WARN_UNINITIALIZED_AUTOS = YES_AGGRESSIVE;
				GCC_WARN_UNUSED_FUNCTION = YES;
				GCC_WARN_UNUSED_VARIABLE = YES;
				IPHONEOS_DEPLOYMENT_TARGET = 17.0;
				LOCALIZATION_PREFERS_STRING_CATALOGS = YES;
				MTL_ENABLE_DEBUG_INFO = INCLUDE_SOURCE;
				MTL_FAST_MATH = YES;
				ONLY_ACTIVE_ARCH = YES;
				SDKROOT = iphoneos;
				SWIFT_ACTIVE_COMPILATION_CONDITIONS = "DEBUG $(inherited)";
				SWIFT_OPTIMIZATION_LEVEL = "-Onone";
			};
			name = Debug;
		};
		35B3F1C02B04897E00EE2BC0 /* Release */ = {
			isa = XCBuildConfiguration;
			buildSettings = {
				ALWAYS_SEARCH_USER_PATHS = NO;
				ASSETCATALOG_COMPILER_GENERATE_SWIFT_ASSET_SYMBOL_EXTENSIONS = YES;
				CLANG_ANALYZER_NONNULL = YES;
				CLANG_ANALYZER_NUMBER_OBJECT_CONVERSION = YES_AGGRESSIVE;
				CLANG_CXX_LANGUAGE_STANDARD = "gnu++20";
				CLANG_ENABLE_MODULES = YES;
				CLANG_ENABLE_OBJC_ARC = YES;
				CLANG_ENABLE_OBJC_WEAK = YES;
				CLANG_WARN_BLOCK_CAPTURE_AUTORELEASING = YES;
				CLANG_WARN_BOOL_CONVERSION = YES;
				CLANG_WARN_COMMA = YES;
				CLANG_WARN_CONSTANT_CONVERSION = YES;
				CLANG_WARN_DEPRECATED_OBJC_IMPLEMENTATIONS = YES;
				CLANG_WARN_DIRECT_OBJC_ISA_USAGE = YES_ERROR;
				CLANG_WARN_DOCUMENTATION_COMMENTS = YES;
				CLANG_WARN_EMPTY_BODY = YES;
				CLANG_WARN_ENUM_CONVERSION = YES;
				CLANG_WARN_INFINITE_RECURSION = YES;
				CLANG_WARN_INT_CONVERSION = YES;
				CLANG_WARN_NON_LITERAL_NULL_CONVERSION = YES;
				CLANG_WARN_OBJC_IMPLICIT_RETAIN_SELF = YES;
				CLANG_WARN_OBJC_LITERAL_CONVERSION = YES;
				CLANG_WARN_OBJC_ROOT_CLASS = YES_ERROR;
				CLANG_WARN_QUOTED_INCLUDE_IN_FRAMEWORK_HEADER = YES;
				CLANG_WARN_RANGE_LOOP_ANALYSIS = YES;
				CLANG_WARN_STRICT_PROTOTYPES = YES;
				CLANG_WARN_SUSPICIOUS_MOVE = YES;
				CLANG_WARN_UNGUARDED_AVAILABILITY = YES_AGGRESSIVE;
				CLANG_WARN_UNREACHABLE_CODE = YES;
				CLANG_WARN__DUPLICATE_METHOD_MATCH = YES;
				COPY_PHASE_STRIP = NO;
				DEBUG_INFORMATION_FORMAT = "dwarf-with-dsym";
				ENABLE_NS_ASSERTIONS = NO;
				ENABLE_STRICT_OBJC_MSGSEND = YES;
				ENABLE_USER_SCRIPT_SANDBOXING = YES;
				GCC_C_LANGUAGE_STANDARD = gnu17;
				GCC_NO_COMMON_BLOCKS = YES;
				GCC_WARN_64_TO_32_BIT_CONVERSION = YES;
				GCC_WARN_ABOUT_RETURN_TYPE = YES_ERROR;
				GCC_WARN_UNDECLARED_SELECTOR = YES;
				GCC_WARN_UNINITIALIZED_AUTOS = YES_AGGRESSIVE;
				GCC_WARN_UNUSED_FUNCTION = YES;
				GCC_WARN_UNUSED_VARIABLE = YES;
				IPHONEOS_DEPLOYMENT_TARGET = 17.0;
				LOCALIZATION_PREFERS_STRING_CATALOGS = YES;
				MTL_ENABLE_DEBUG_INFO = NO;
				MTL_FAST_MATH = YES;
				SDKROOT = iphoneos;
				SWIFT_COMPILATION_MODE = wholemodule;
				VALIDATE_PRODUCT = YES;
			};
			name = Release;
		};
		35B3F1C22B04897E00EE2BC0 /* Debug */ = {
			isa = XCBuildConfiguration;
			buildSettings = {
				ASSETCATALOG_COMPILER_APPICON_NAME = AppIcon;
				ASSETCATALOG_COMPILER_GLOBAL_ACCENT_COLOR_NAME = AccentColor;
				CODE_SIGN_STYLE = Automatic;
				CURRENT_PROJECT_VERSION = 1;
				DEVELOPMENT_TEAM = 99AUV9Q5LC;
				GENERATE_INFOPLIST_FILE = YES;
				INFOPLIST_FILE = EssentialApp/Info.plist;
				INFOPLIST_KEY_UIApplicationSupportsIndirectInputEvents = YES;
				INFOPLIST_KEY_UILaunchStoryboardName = LaunchScreen;
				INFOPLIST_KEY_UIMainStoryboardFile = Main;
				INFOPLIST_KEY_UISupportedInterfaceOrientations_iPad = "UIInterfaceOrientationPortrait UIInterfaceOrientationPortraitUpsideDown UIInterfaceOrientationLandscapeLeft UIInterfaceOrientationLandscapeRight";
				INFOPLIST_KEY_UISupportedInterfaceOrientations_iPhone = "UIInterfaceOrientationPortrait UIInterfaceOrientationLandscapeLeft UIInterfaceOrientationLandscapeRight";
				LD_RUNPATH_SEARCH_PATHS = (
					"$(inherited)",
					"@executable_path/Frameworks",
				);
				MARKETING_VERSION = 1.0;
				PRODUCT_BUNDLE_IDENTIFIER = com.essentiallearning.krisjulio.EssentialApp;
				PRODUCT_NAME = "$(TARGET_NAME)";
				SWIFT_EMIT_LOC_STRINGS = YES;
				SWIFT_VERSION = 5.0;
				TARGETED_DEVICE_FAMILY = "1,2";
			};
			name = Debug;
		};
		35B3F1C32B04897E00EE2BC0 /* Release */ = {
			isa = XCBuildConfiguration;
			buildSettings = {
				ASSETCATALOG_COMPILER_APPICON_NAME = AppIcon;
				ASSETCATALOG_COMPILER_GLOBAL_ACCENT_COLOR_NAME = AccentColor;
				CODE_SIGN_STYLE = Automatic;
				CURRENT_PROJECT_VERSION = 1;
				DEVELOPMENT_TEAM = 99AUV9Q5LC;
				GENERATE_INFOPLIST_FILE = YES;
				INFOPLIST_FILE = EssentialApp/Info.plist;
				INFOPLIST_KEY_UIApplicationSupportsIndirectInputEvents = YES;
				INFOPLIST_KEY_UILaunchStoryboardName = LaunchScreen;
				INFOPLIST_KEY_UIMainStoryboardFile = Main;
				INFOPLIST_KEY_UISupportedInterfaceOrientations_iPad = "UIInterfaceOrientationPortrait UIInterfaceOrientationPortraitUpsideDown UIInterfaceOrientationLandscapeLeft UIInterfaceOrientationLandscapeRight";
				INFOPLIST_KEY_UISupportedInterfaceOrientations_iPhone = "UIInterfaceOrientationPortrait UIInterfaceOrientationLandscapeLeft UIInterfaceOrientationLandscapeRight";
				LD_RUNPATH_SEARCH_PATHS = (
					"$(inherited)",
					"@executable_path/Frameworks",
				);
				MARKETING_VERSION = 1.0;
				PRODUCT_BUNDLE_IDENTIFIER = com.essentiallearning.krisjulio.EssentialApp;
				PRODUCT_NAME = "$(TARGET_NAME)";
				SWIFT_EMIT_LOC_STRINGS = YES;
				SWIFT_VERSION = 5.0;
				TARGETED_DEVICE_FAMILY = "1,2";
			};
			name = Release;
		};
		35B3F1C52B04897E00EE2BC0 /* Debug */ = {
			isa = XCBuildConfiguration;
			buildSettings = {
				ALWAYS_EMBED_SWIFT_STANDARD_LIBRARIES = YES;
				BUNDLE_LOADER = "$(TEST_HOST)";
				CODE_SIGN_STYLE = Automatic;
				CURRENT_PROJECT_VERSION = 1;
				DEVELOPMENT_TEAM = 99AUV9Q5LC;
				GENERATE_INFOPLIST_FILE = YES;
				IPHONEOS_DEPLOYMENT_TARGET = 17.0;
				MARKETING_VERSION = 1.0;
				PRODUCT_BUNDLE_IDENTIFIER = com.essentiallearning.krisjulio.EssentialAppTests;
				PRODUCT_NAME = "$(TARGET_NAME)";
				SWIFT_EMIT_LOC_STRINGS = NO;
				SWIFT_VERSION = 5.0;
				TARGETED_DEVICE_FAMILY = "1,2";
				TEST_HOST = "$(BUILT_PRODUCTS_DIR)/EssentialApp.app/$(BUNDLE_EXECUTABLE_FOLDER_PATH)/EssentialApp";
			};
			name = Debug;
		};
		35B3F1C62B04897E00EE2BC0 /* Release */ = {
			isa = XCBuildConfiguration;
			buildSettings = {
				ALWAYS_EMBED_SWIFT_STANDARD_LIBRARIES = YES;
				BUNDLE_LOADER = "$(TEST_HOST)";
				CODE_SIGN_STYLE = Automatic;
				CURRENT_PROJECT_VERSION = 1;
				DEVELOPMENT_TEAM = 99AUV9Q5LC;
				GENERATE_INFOPLIST_FILE = YES;
				IPHONEOS_DEPLOYMENT_TARGET = 17.0;
				MARKETING_VERSION = 1.0;
				PRODUCT_BUNDLE_IDENTIFIER = com.essentiallearning.krisjulio.EssentialAppTests;
				PRODUCT_NAME = "$(TARGET_NAME)";
				SWIFT_EMIT_LOC_STRINGS = NO;
				SWIFT_VERSION = 5.0;
				TARGETED_DEVICE_FAMILY = "1,2";
				TEST_HOST = "$(BUILT_PRODUCTS_DIR)/EssentialApp.app/$(BUNDLE_EXECUTABLE_FOLDER_PATH)/EssentialApp";
			};
			name = Release;
		};
/* End XCBuildConfiguration section */

/* Begin XCConfigurationList section */
		357B85B42B06D35200B79966 /* Build configuration list for PBXNativeTarget "EssentialAppUIAcceptanceTests" */ = {
			isa = XCConfigurationList;
			buildConfigurations = (
				357B85B52B06D35200B79966 /* Debug */,
				357B85B62B06D35200B79966 /* Release */,
			);
			defaultConfigurationIsVisible = 0;
			defaultConfigurationName = Release;
		};
		35B3F1922B04897D00EE2BC0 /* Build configuration list for PBXProject "EssentialApp" */ = {
			isa = XCConfigurationList;
			buildConfigurations = (
				35B3F1BF2B04897E00EE2BC0 /* Debug */,
				35B3F1C02B04897E00EE2BC0 /* Release */,
			);
			defaultConfigurationIsVisible = 0;
			defaultConfigurationName = Release;
		};
		35B3F1C12B04897E00EE2BC0 /* Build configuration list for PBXNativeTarget "EssentialApp" */ = {
			isa = XCConfigurationList;
			buildConfigurations = (
				35B3F1C22B04897E00EE2BC0 /* Debug */,
				35B3F1C32B04897E00EE2BC0 /* Release */,
			);
			defaultConfigurationIsVisible = 0;
			defaultConfigurationName = Release;
		};
		35B3F1C42B04897E00EE2BC0 /* Build configuration list for PBXNativeTarget "EssentialAppTests" */ = {
			isa = XCConfigurationList;
			buildConfigurations = (
				35B3F1C52B04897E00EE2BC0 /* Debug */,
				35B3F1C62B04897E00EE2BC0 /* Release */,
			);
			defaultConfigurationIsVisible = 0;
			defaultConfigurationName = Release;
		};
/* End XCConfigurationList section */
	};
	rootObject = 35B3F18F2B04897D00EE2BC0 /* Project object */;
}
